// !$*UTF8*$!
{
	archiveVersion = 1;
	classes = {
	};
	objectVersion = 56;
	objects = {

/* Begin PBXBuildFile section */
		2679DAAA2BB1B7470069DA5B /* ____App.swift in Sources */ = {isa = PBXBuildFile; fileRef = 2679DAA92BB1B7470069DA5B /* ____App.swift */; };
		2679DAAC2BB1B7470069DA5B /* ContentView.swift in Sources */ = {isa = PBXBuildFile; fileRef = 2679DAAB2BB1B7470069DA5B /* ContentView.swift */; };
		2679DAAE2BB1B7490069DA5B /* Assets.xcassets in Resources */ = {isa = PBXBuildFile; fileRef = 2679DAAD2BB1B7490069DA5B /* Assets.xcassets */; };
		2679DAB12BB1B7490069DA5B /* Preview Assets.xcassets in Resources */ = {isa = PBXBuildFile; fileRef = 2679DAB02BB1B7490069DA5B /* Preview Assets.xcassets */; };
		2679DABB2BB1B7490069DA5B /* ____Tests.swift in Sources */ = {isa = PBXBuildFile; fileRef = 2679DABA2BB1B7490069DA5B /* ____Tests.swift */; };
		2679DAC52BB1B7490069DA5B /* ____UITests.swift in Sources */ = {isa = PBXBuildFile; fileRef = 2679DAC42BB1B7490069DA5B /* ____UITests.swift */; };
		2679DAC72BB1B7490069DA5B /* ____UITestsLaunchTests.swift in Sources */ = {isa = PBXBuildFile; fileRef = 2679DAC62BB1B7490069DA5B /* ____UITestsLaunchTests.swift */; };
/* End PBXBuildFile section */

/* Begin PBXContainerItemProxy section */
		2679DAB72BB1B7490069DA5B /* PBXContainerItemProxy */ = {
			isa = PBXContainerItemProxy;
			containerPortal = 2679DA9E2BB1B7470069DA5B /* Project object */;
			proxyType = 1;
			remoteGlobalIDString = 2679DAA52BB1B7470069DA5B;
			remoteInfo = "ჯჯჯჯ";
		};
		2679DAC12BB1B7490069DA5B /* PBXContainerItemProxy */ = {
			isa = PBXContainerItemProxy;
			containerPortal = 2679DA9E2BB1B7470069DA5B /* Project object */;
			proxyType = 1;
			remoteGlobalIDString = 2679DAA52BB1B7470069DA5B;
			remoteInfo = "ჯჯჯჯ";
		};
/* End PBXContainerItemProxy section */

/* Begin PBXFileReference section */
		2679DAA62BB1B7470069DA5B /* ჯჯჯჯ.app */ = {isa = PBXFileReference; explicitFileType = wrapper.application; includeInIndex = 0; path = "ჯჯჯჯ.app"; sourceTree = BUILT_PRODUCTS_DIR; };
		2679DAA92BB1B7470069DA5B /* ____App.swift */ = {isa = PBXFileReference; lastKnownFileType = sourcecode.swift; path = "____App.swift"; sourceTree = "<group>"; };
		2679DAAB2BB1B7470069DA5B /* ContentView.swift */ = {isa = PBXFileReference; lastKnownFileType = sourcecode.swift; path = ContentView.swift; sourceTree = "<group>"; };
		2679DAAD2BB1B7490069DA5B /* Assets.xcassets */ = {isa = PBXFileReference; lastKnownFileType = folder.assetcatalog; path = Assets.xcassets; sourceTree = "<group>"; };
		2679DAB02BB1B7490069DA5B /* Preview Assets.xcassets */ = {isa = PBXFileReference; lastKnownFileType = folder.assetcatalog; path = "Preview Assets.xcassets"; sourceTree = "<group>"; };
		2679DAB62BB1B7490069DA5B /* ჯჯჯჯTests.xctest */ = {isa = PBXFileReference; explicitFileType = wrapper.cfbundle; includeInIndex = 0; path = "ჯჯჯჯTests.xctest"; sourceTree = BUILT_PRODUCTS_DIR; };
		2679DABA2BB1B7490069DA5B /* ____Tests.swift */ = {isa = PBXFileReference; lastKnownFileType = sourcecode.swift; path = "____Tests.swift"; sourceTree = "<group>"; };
		2679DAC02BB1B7490069DA5B /* ჯჯჯჯUITests.xctest */ = {isa = PBXFileReference; explicitFileType = wrapper.cfbundle; includeInIndex = 0; path = "ჯჯჯჯUITests.xctest"; sourceTree = BUILT_PRODUCTS_DIR; };
		2679DAC42BB1B7490069DA5B /* ____UITests.swift */ = {isa = PBXFileReference; lastKnownFileType = sourcecode.swift; path = "____UITests.swift"; sourceTree = "<group>"; };
		2679DAC62BB1B7490069DA5B /* ____UITestsLaunchTests.swift */ = {isa = PBXFileReference; lastKnownFileType = sourcecode.swift; path = "____UITestsLaunchTests.swift"; sourceTree = "<group>"; };
/* End PBXFileReference section */

/* Begin PBXFrameworksBuildPhase section */
		2679DAA32BB1B7470069DA5B /* Frameworks */ = {
			isa = PBXFrameworksBuildPhase;
			buildActionMask = 2147483647;
			files = (
			);
			runOnlyForDeploymentPostprocessing = 0;
		};
		2679DAB32BB1B7490069DA5B /* Frameworks */ = {
			isa = PBXFrameworksBuildPhase;
			buildActionMask = 2147483647;
			files = (
			);
			runOnlyForDeploymentPostprocessing = 0;
		};
		2679DABD2BB1B7490069DA5B /* Frameworks */ = {
			isa = PBXFrameworksBuildPhase;
			buildActionMask = 2147483647;
			files = (
			);
			runOnlyForDeploymentPostprocessing = 0;
		};
/* End PBXFrameworksBuildPhase section */

/* Begin PBXGroup section */
		2679DA9D2BB1B7470069DA5B = {
			isa = PBXGroup;
			children = (
				2679DAA82BB1B7470069DA5B /* ჯჯჯჯ */,
				2679DAB92BB1B7490069DA5B /* ჯჯჯჯTests */,
				2679DAC32BB1B7490069DA5B /* ჯჯჯჯUITests */,
				2679DAA72BB1B7470069DA5B /* Products */,
			);
			sourceTree = "<group>";
		};
		2679DAA72BB1B7470069DA5B /* Products */ = {
			isa = PBXGroup;
			children = (
				2679DAA62BB1B7470069DA5B /* ჯჯჯჯ.app */,
				2679DAB62BB1B7490069DA5B /* ჯჯჯჯTests.xctest */,
				2679DAC02BB1B7490069DA5B /* ჯჯჯჯUITests.xctest */,
			);
			name = Products;
			sourceTree = "<group>";
		};
		2679DAA82BB1B7470069DA5B /* ჯჯჯჯ */ = {
			isa = PBXGroup;
			children = (
				2679DAA92BB1B7470069DA5B /* ____App.swift */,
				2679DAAB2BB1B7470069DA5B /* ContentView.swift */,
				2679DAAD2BB1B7490069DA5B /* Assets.xcassets */,
				2679DAAF2BB1B7490069DA5B /* Preview Content */,
			);
			path = "ჯჯჯჯ";
			sourceTree = "<group>";
		};
		2679DAAF2BB1B7490069DA5B /* Preview Content */ = {
			isa = PBXGroup;
			children = (
				2679DAB02BB1B7490069DA5B /* Preview Assets.xcassets */,
			);
			path = "Preview Content";
			sourceTree = "<group>";
		};
		2679DAB92BB1B7490069DA5B /* ჯჯჯჯTests */ = {
			isa = PBXGroup;
			children = (
				2679DABA2BB1B7490069DA5B /* ____Tests.swift */,
			);
			path = "ჯჯჯჯTests";
			sourceTree = "<group>";
		};
		2679DAC32BB1B7490069DA5B /* ჯჯჯჯUITests */ = {
			isa = PBXGroup;
			children = (
				2679DAC42BB1B7490069DA5B /* ____UITests.swift */,
				2679DAC62BB1B7490069DA5B /* ____UITestsLaunchTests.swift */,
			);
			path = "ჯჯჯჯUITests";
			sourceTree = "<group>";
		};
/* End PBXGroup section */

/* Begin PBXNativeTarget section */
		2679DAA52BB1B7470069DA5B /* ჯჯჯჯ */ = {
			isa = PBXNativeTarget;
			buildConfigurationList = 2679DACA2BB1B7490069DA5B /* Build configuration list for PBXNativeTarget "ჯჯჯჯ" */;
			buildPhases = (
				2679DAA22BB1B7470069DA5B /* Sources */,
				2679DAA32BB1B7470069DA5B /* Frameworks */,
				2679DAA42BB1B7470069DA5B /* Resources */,
			);
			buildRules = (
			);
			dependencies = (
			);
			name = "ჯჯჯჯ";
			productName = "ჯჯჯჯ";
			productReference = 2679DAA62BB1B7470069DA5B /* ჯჯჯჯ.app */;
			productType = "com.apple.product-type.application";
		};
		2679DAB52BB1B7490069DA5B /* ჯჯჯჯTests */ = {
			isa = PBXNativeTarget;
			buildConfigurationList = 2679DACD2BB1B7490069DA5B /* Build configuration list for PBXNativeTarget "ჯჯჯჯTests" */;
			buildPhases = (
				2679DAB22BB1B7490069DA5B /* Sources */,
				2679DAB32BB1B7490069DA5B /* Frameworks */,
				2679DAB42BB1B7490069DA5B /* Resources */,
			);
			buildRules = (
			);
			dependencies = (
				2679DAB82BB1B7490069DA5B /* PBXTargetDependency */,
			);
			name = "ჯჯჯჯTests";
			productName = "ჯჯჯჯTests";
			productReference = 2679DAB62BB1B7490069DA5B /* ჯჯჯჯTests.xctest */;
			productType = "com.apple.product-type.bundle.unit-test";
		};
		2679DABF2BB1B7490069DA5B /* ჯჯჯჯUITests */ = {
			isa = PBXNativeTarget;
			buildConfigurationList = 2679DAD02BB1B7490069DA5B /* Build configuration list for PBXNativeTarget "ჯჯჯჯUITests" */;
			buildPhases = (
				2679DABC2BB1B7490069DA5B /* Sources */,
				2679DABD2BB1B7490069DA5B /* Frameworks */,
				2679DABE2BB1B7490069DA5B /* Resources */,
			);
			buildRules = (
			);
			dependencies = (
				2679DAC22BB1B7490069DA5B /* PBXTargetDependency */,
			);
			name = "ჯჯჯჯUITests";
			productName = "ჯჯჯჯUITests";
			productReference = 2679DAC02BB1B7490069DA5B /* ჯჯჯჯUITests.xctest */;
			productType = "com.apple.product-type.bundle.ui-testing";
		};
/* End PBXNativeTarget section */

/* Begin PBXProject section */
		2679DA9E2BB1B7470069DA5B /* Project object */ = {
			isa = PBXProject;
			attributes = {
				BuildIndependentTargetsInParallel = 1;
				LastSwiftUpdateCheck = 1500;
				LastUpgradeCheck = 1500;
				TargetAttributes = {
					2679DAA52BB1B7470069DA5B = {
						CreatedOnToolsVersion = 15.0.1;
					};
					2679DAB52BB1B7490069DA5B = {
						CreatedOnToolsVersion = 15.0.1;
						TestTargetID = 2679DAA52BB1B7470069DA5B;
					};
					2679DABF2BB1B7490069DA5B = {
						CreatedOnToolsVersion = 15.0.1;
						TestTargetID = 2679DAA52BB1B7470069DA5B;
					};
				};
			};
			buildConfigurationList = 2679DAA12BB1B7470069DA5B /* Build configuration list for PBXProject "ჯჯჯჯ" */;
			compatibilityVersion = "Xcode 14.0";
			developmentRegion = en;
			hasScannedForEncodings = 0;
			knownRegions = (
				en,
				Base,
			);
			mainGroup = 2679DA9D2BB1B7470069DA5B;
			productRefGroup = 2679DAA72BB1B7470069DA5B /* Products */;
			projectDirPath = "";
			projectRoot = "";
			targets = (
				2679DAA52BB1B7470069DA5B /* ჯჯჯჯ */,
				2679DAB52BB1B7490069DA5B /* ჯჯჯჯTests */,
				2679DABF2BB1B7490069DA5B /* ჯჯჯჯUITests */,
			);
		};
/* End PBXProject section */

/* Begin PBXResourcesBuildPhase section */
		2679DAA42BB1B7470069DA5B /* Resources */ = {
			isa = PBXResourcesBuildPhase;
			buildActionMask = 2147483647;
			files = (
				2679DAB12BB1B7490069DA5B /* Preview Assets.xcassets in Resources */,
				2679DAAE2BB1B7490069DA5B /* Assets.xcassets in Resources */,
			);
			runOnlyForDeploymentPostprocessing = 0;
		};
		2679DAB42BB1B7490069DA5B /* Resources */ = {
			isa = PBXResourcesBuildPhase;
			buildActionMask = 2147483647;
			files = (
			);
			runOnlyForDeploymentPostprocessing = 0;
		};
		2679DABE2BB1B7490069DA5B /* Resources */ = {
			isa = PBXResourcesBuildPhase;
			buildActionMask = 2147483647;
			files = (
			);
			runOnlyForDeploymentPostprocessing = 0;
		};
/* End PBXResourcesBuildPhase section */

/* Begin PBXSourcesBuildPhase section */
		2679DAA22BB1B7470069DA5B /* Sources */ = {
			isa = PBXSourcesBuildPhase;
			buildActionMask = 2147483647;
			files = (
				2679DAAC2BB1B7470069DA5B /* ContentView.swift in Sources */,
				2679DAAA2BB1B7470069DA5B /* ____App.swift in Sources */,
			);
			runOnlyForDeploymentPostprocessing = 0;
		};
		2679DAB22BB1B7490069DA5B /* Sources */ = {
			isa = PBXSourcesBuildPhase;
			buildActionMask = 2147483647;
			files = (
				2679DABB2BB1B7490069DA5B /* ____Tests.swift in Sources */,
			);
			runOnlyForDeploymentPostprocessing = 0;
		};
		2679DABC2BB1B7490069DA5B /* Sources */ = {
			isa = PBXSourcesBuildPhase;
			buildActionMask = 2147483647;
			files = (
				2679DAC72BB1B7490069DA5B /* ____UITestsLaunchTests.swift in Sources */,
				2679DAC52BB1B7490069DA5B /* ____UITests.swift in Sources */,
			);
			runOnlyForDeploymentPostprocessing = 0;
		};
/* End PBXSourcesBuildPhase section */

/* Begin PBXTargetDependency section */
		2679DAB82BB1B7490069DA5B /* PBXTargetDependency */ = {
			isa = PBXTargetDependency;
			target = 2679DAA52BB1B7470069DA5B /* ჯჯჯჯ */;
			targetProxy = 2679DAB72BB1B7490069DA5B /* PBXContainerItemProxy */;
		};
		2679DAC22BB1B7490069DA5B /* PBXTargetDependency */ = {
			isa = PBXTargetDependency;
			target = 2679DAA52BB1B7470069DA5B /* ჯჯჯჯ */;
			targetProxy = 2679DAC12BB1B7490069DA5B /* PBXContainerItemProxy */;
		};
/* End PBXTargetDependency section */

/* Begin XCBuildConfiguration section */
		2679DAC82BB1B7490069DA5B /* Debug */ = {
			isa = XCBuildConfiguration;
			buildSettings = {
				ALWAYS_SEARCH_USER_PATHS = NO;
				ASSETCATALOG_COMPILER_GENERATE_SWIFT_ASSET_SYMBOL_EXTENSIONS = YES;
				CLANG_ANALYZER_NONNULL = YES;
				CLANG_ANALYZER_NUMBER_OBJECT_CONVERSION = YES_AGGRESSIVE;
				CLANG_CXX_LANGUAGE_STANDARD = "gnu++20";
				CLANG_ENABLE_MODULES = YES;
				CLANG_ENABLE_OBJC_ARC = YES;
				CLANG_ENABLE_OBJC_WEAK = YES;
				CLANG_WARN_BLOCK_CAPTURE_AUTORELEASING = YES;
				CLANG_WARN_BOOL_CONVERSION = YES;
				CLANG_WARN_COMMA = YES;
				CLANG_WARN_CONSTANT_CONVERSION = YES;
				CLANG_WARN_DEPRECATED_OBJC_IMPLEMENTATIONS = YES;
				CLANG_WARN_DIRECT_OBJC_ISA_USAGE = YES_ERROR;
				CLANG_WARN_DOCUMENTATION_COMMENTS = YES;
				CLANG_WARN_EMPTY_BODY = YES;
				CLANG_WARN_ENUM_CONVERSION = YES;
				CLANG_WARN_INFINITE_RECURSION = YES;
				CLANG_WARN_INT_CONVERSION = YES;
				CLANG_WARN_NON_LITERAL_NULL_CONVERSION = YES;
				CLANG_WARN_OBJC_IMPLICIT_RETAIN_SELF = YES;
				CLANG_WARN_OBJC_LITERAL_CONVERSION = YES;
				CLANG_WARN_OBJC_ROOT_CLASS = YES_ERROR;
				CLANG_WARN_QUOTED_INCLUDE_IN_FRAMEWORK_HEADER = YES;
				CLANG_WARN_RANGE_LOOP_ANALYSIS = YES;
				CLANG_WARN_STRICT_PROTOTYPES = YES;
				CLANG_WARN_SUSPICIOUS_MOVE = YES;
				CLANG_WARN_UNGUARDED_AVAILABILITY = YES_AGGRESSIVE;
				CLANG_WARN_UNREACHABLE_CODE = YES;
				CLANG_WARN__DUPLICATE_METHOD_MATCH = YES;
				COPY_PHASE_STRIP = NO;
				DEBUG_INFORMATION_FORMAT = dwarf;
				ENABLE_STRICT_OBJC_MSGSEND = YES;
				ENABLE_TESTABILITY = YES;
				ENABLE_USER_SCRIPT_SANDBOXING = YES;
				GCC_C_LANGUAGE_STANDARD = gnu17;
				GCC_DYNAMIC_NO_PIC = NO;
				GCC_NO_COMMON_BLOCKS = YES;
				GCC_OPTIMIZATION_LEVEL = 0;
				GCC_PREPROCESSOR_DEFINITIONS = (
					"DEBUG=1",
					"$(inherited)",
				);
				GCC_WARN_64_TO_32_BIT_CONVERSION = YES;
				GCC_WARN_ABOUT_RETURN_TYPE = YES_ERROR;
				GCC_WARN_UNDECLARED_SELECTOR = YES;
				GCC_WARN_UNINITIALIZED_AUTOS = YES_AGGRESSIVE;
				GCC_WARN_UNUSED_FUNCTION = YES;
				GCC_WARN_UNUSED_VARIABLE = YES;
				IPHONEOS_DEPLOYMENT_TARGET = 17.0;
				LOCALIZATION_PREFERS_STRING_CATALOGS = YES;
				MTL_ENABLE_DEBUG_INFO = INCLUDE_SOURCE;
				MTL_FAST_MATH = YES;
				ONLY_ACTIVE_ARCH = YES;
				SDKROOT = iphoneos;
				SWIFT_ACTIVE_COMPILATION_CONDITIONS = "DEBUG $(inherited)";
				SWIFT_OPTIMIZATION_LEVEL = "-Onone";
			};
			name = Debug;
		};
		2679DAC92BB1B7490069DA5B /* Release */ = {
			isa = XCBuildConfiguration;
			buildSettings = {
				ALWAYS_SEARCH_USER_PATHS = NO;
				ASSETCATALOG_COMPILER_GENERATE_SWIFT_ASSET_SYMBOL_EXTENSIONS = YES;
				CLANG_ANALYZER_NONNULL = YES;
				CLANG_ANALYZER_NUMBER_OBJECT_CONVERSION = YES_AGGRESSIVE;
				CLANG_CXX_LANGUAGE_STANDARD = "gnu++20";
				CLANG_ENABLE_MODULES = YES;
				CLANG_ENABLE_OBJC_ARC = YES;
				CLANG_ENABLE_OBJC_WEAK = YES;
				CLANG_WARN_BLOCK_CAPTURE_AUTORELEASING = YES;
				CLANG_WARN_BOOL_CONVERSION = YES;
				CLANG_WARN_COMMA = YES;
				CLANG_WARN_CONSTANT_CONVERSION = YES;
				CLANG_WARN_DEPRECATED_OBJC_IMPLEMENTATIONS = YES;
				CLANG_WARN_DIRECT_OBJC_ISA_USAGE = YES_ERROR;
				CLANG_WARN_DOCUMENTATION_COMMENTS = YES;
				CLANG_WARN_EMPTY_BODY = YES;
				CLANG_WARN_ENUM_CONVERSION = YES;
				CLANG_WARN_INFINITE_RECURSION = YES;
				CLANG_WARN_INT_CONVERSION = YES;
				CLANG_WARN_NON_LITERAL_NULL_CONVERSION = YES;
				CLANG_WARN_OBJC_IMPLICIT_RETAIN_SELF = YES;
				CLANG_WARN_OBJC_LITERAL_CONVERSION = YES;
				CLANG_WARN_OBJC_ROOT_CLASS = YES_ERROR;
				CLANG_WARN_QUOTED_INCLUDE_IN_FRAMEWORK_HEADER = YES;
				CLANG_WARN_RANGE_LOOP_ANALYSIS = YES;
				CLANG_WARN_STRICT_PROTOTYPES = YES;
				CLANG_WARN_SUSPICIOUS_MOVE = YES;
				CLANG_WARN_UNGUARDED_AVAILABILITY = YES_AGGRESSIVE;
				CLANG_WARN_UNREACHABLE_CODE = YES;
				CLANG_WARN__DUPLICATE_METHOD_MATCH = YES;
				COPY_PHASE_STRIP = NO;
				DEBUG_INFORMATION_FORMAT = "dwarf-with-dsym";
				ENABLE_NS_ASSERTIONS = NO;
				ENABLE_STRICT_OBJC_MSGSEND = YES;
				ENABLE_USER_SCRIPT_SANDBOXING = YES;
				GCC_C_LANGUAGE_STANDARD = gnu17;
				GCC_NO_COMMON_BLOCKS = YES;
				GCC_WARN_64_TO_32_BIT_CONVERSION = YES;
				GCC_WARN_ABOUT_RETURN_TYPE = YES_ERROR;
				GCC_WARN_UNDECLARED_SELECTOR = YES;
				GCC_WARN_UNINITIALIZED_AUTOS = YES_AGGRESSIVE;
				GCC_WARN_UNUSED_FUNCTION = YES;
				GCC_WARN_UNUSED_VARIABLE = YES;
				IPHONEOS_DEPLOYMENT_TARGET = 17.0;
				LOCALIZATION_PREFERS_STRING_CATALOGS = YES;
				MTL_ENABLE_DEBUG_INFO = NO;
				MTL_FAST_MATH = YES;
				SDKROOT = iphoneos;
				SWIFT_COMPILATION_MODE = wholemodule;
				VALIDATE_PRODUCT = YES;
			};
			name = Release;
		};
		2679DACB2BB1B7490069DA5B /* Debug */ = {
			isa = XCBuildConfiguration;
			buildSettings = {
				ASSETCATALOG_COMPILER_APPICON_NAME = AppIcon;
				ASSETCATALOG_COMPILER_GLOBAL_ACCENT_COLOR_NAME = AccentColor;
				CODE_SIGN_STYLE = Automatic;
				CURRENT_PROJECT_VERSION = 1;
				DEVELOPMENT_ASSET_PATHS = "\"ჯჯჯჯ/Preview Content\"";
				ENABLE_PREVIEWS = YES;
				GENERATE_INFOPLIST_FILE = YES;
				INFOPLIST_KEY_UIApplicationSceneManifest_Generation = YES;
				INFOPLIST_KEY_UIApplicationSupportsIndirectInputEvents = YES;
				INFOPLIST_KEY_UILaunchScreen_Generation = YES;
				INFOPLIST_KEY_UISupportedInterfaceOrientations_iPad = "UIInterfaceOrientationPortrait UIInterfaceOrientationPortraitUpsideDown UIInterfaceOrientationLandscapeLeft UIInterfaceOrientationLandscapeRight";
				INFOPLIST_KEY_UISupportedInterfaceOrientations_iPhone = "UIInterfaceOrientationPortrait UIInterfaceOrientationLandscapeLeft UIInterfaceOrientationLandscapeRight";
				LD_RUNPATH_SEARCH_PATHS = (
					"$(inherited)",
					"@executable_path/Frameworks",
				);
				MARKETING_VERSION = 1.0;
				PRODUCT_BUNDLE_IDENTIFIER = "com.temur.----";
				PRODUCT_NAME = "$(TARGET_NAME)";
				SWIFT_EMIT_LOC_STRINGS = YES;
				SWIFT_VERSION = 5.0;
				TARGETED_DEVICE_FAMILY = "1,2";
			};
			name = Debug;
		};
		2679DACC2BB1B7490069DA5B /* Release */ = {
			isa = XCBuildConfiguration;
			buildSettings = {
				ASSETCATALOG_COMPILER_APPICON_NAME = AppIcon;
				ASSETCATALOG_COMPILER_GLOBAL_ACCENT_COLOR_NAME = AccentColor;
				CODE_SIGN_STYLE = Automatic;
				CURRENT_PROJECT_VERSION = 1;
				DEVELOPMENT_ASSET_PATHS = "\"ჯჯჯჯ/Preview Content\"";
				ENABLE_PREVIEWS = YES;
				GENERATE_INFOPLIST_FILE = YES;
				INFOPLIST_KEY_UIApplicationSceneManifest_Generation = YES;
				INFOPLIST_KEY_UIApplicationSupportsIndirectInputEvents = YES;
				INFOPLIST_KEY_UILaunchScreen_Generation = YES;
				INFOPLIST_KEY_UISupportedInterfaceOrientations_iPad = "UIInterfaceOrientationPortrait UIInterfaceOrientationPortraitUpsideDown UIInterfaceOrientationLandscapeLeft UIInterfaceOrientationLandscapeRight";
				INFOPLIST_KEY_UISupportedInterfaceOrientations_iPhone = "UIInterfaceOrientationPortrait UIInterfaceOrientationLandscapeLeft UIInterfaceOrientationLandscapeRight";
				LD_RUNPATH_SEARCH_PATHS = (
					"$(inherited)",
					"@executable_path/Frameworks",
				);
				MARKETING_VERSION = 1.0;
				PRODUCT_BUNDLE_IDENTIFIER = "com.temur.----";
				PRODUCT_NAME = "$(TARGET_NAME)";
				SWIFT_EMIT_LOC_STRINGS = YES;
				SWIFT_VERSION = 5.0;
				TARGETED_DEVICE_FAMILY = "1,2";
			};
			name = Release;
		};
		2679DACE2BB1B7490069DA5B /* Debug */ = {
			isa = XCBuildConfiguration;
			buildSettings = {
				ALWAYS_EMBED_SWIFT_STANDARD_LIBRARIES = YES;
				BUNDLE_LOADER = "$(TEST_HOST)";
				CODE_SIGN_STYLE = Automatic;
				CURRENT_PROJECT_VERSION = 1;
				GENERATE_INFOPLIST_FILE = YES;
				IPHONEOS_DEPLOYMENT_TARGET = 17.0;
				MARKETING_VERSION = 1.0;
				PRODUCT_BUNDLE_IDENTIFIER = "com.temur.----Tests";
				PRODUCT_NAME = "$(TARGET_NAME)";
				SWIFT_EMIT_LOC_STRINGS = NO;
				SWIFT_VERSION = 5.0;
				TARGETED_DEVICE_FAMILY = "1,2";
				TEST_HOST = "$(BUILT_PRODUCTS_DIR)/ჯჯჯჯ.app/$(BUNDLE_EXECUTABLE_FOLDER_PATH)/ჯჯჯჯ";
			};
			name = Debug;
		};
		2679DACF2BB1B7490069DA5B /* Release */ = {
			isa = XCBuildConfiguration;
			buildSettings = {
				ALWAYS_EMBED_SWIFT_STANDARD_LIBRARIES = YES;
				BUNDLE_LOADER = "$(TEST_HOST)";
				CODE_SIGN_STYLE = Automatic;
				CURRENT_PROJECT_VERSION = 1;
				GENERATE_INFOPLIST_FILE = YES;
				IPHONEOS_DEPLOYMENT_TARGET = 17.0;
				MARKETING_VERSION = 1.0;
				PRODUCT_BUNDLE_IDENTIFIER = "com.temur.----Tests";
				PRODUCT_NAME = "$(TARGET_NAME)";
				SWIFT_EMIT_LOC_STRINGS = NO;
				SWIFT_VERSION = 5.0;
				TARGETED_DEVICE_FAMILY = "1,2";
				TEST_HOST = "$(BUILT_PRODUCTS_DIR)/ჯჯჯჯ.app/$(BUNDLE_EXECUTABLE_FOLDER_PATH)/ჯჯჯჯ";
			};
			name = Release;
		};
		2679DAD12BB1B7490069DA5B /* Debug */ = {
			isa = XCBuildConfiguration;
			buildSettings = {
				ALWAYS_EMBED_SWIFT_STANDARD_LIBRARIES = YES;
				CODE_SIGN_STYLE = Automatic;
				CURRENT_PROJECT_VERSION = 1;
				GENERATE_INFOPLIST_FILE = YES;
				MARKETING_VERSION = 1.0;
				PRODUCT_BUNDLE_IDENTIFIER = "com.temur.----UITests";
				PRODUCT_NAME = "$(TARGET_NAME)";
				SWIFT_EMIT_LOC_STRINGS = NO;
				SWIFT_VERSION = 5.0;
				TARGETED_DEVICE_FAMILY = "1,2";
				TEST_TARGET_NAME = "ჯჯჯჯ";
			};
			name = Debug;
		};
		2679DAD22BB1B7490069DA5B /* Release */ = {
			isa = XCBuildConfiguration;
			buildSettings = {
				ALWAYS_EMBED_SWIFT_STANDARD_LIBRARIES = YES;
				CODE_SIGN_STYLE = Automatic;
				CURRENT_PROJECT_VERSION = 1;
				GENERATE_INFOPLIST_FILE = YES;
				MARKETING_VERSION = 1.0;
				PRODUCT_BUNDLE_IDENTIFIER = "com.temur.----UITests";
				PRODUCT_NAME = "$(TARGET_NAME)";
				SWIFT_EMIT_LOC_STRINGS = NO;
				SWIFT_VERSION = 5.0;
				TARGETED_DEVICE_FAMILY = "1,2";
				TEST_TARGET_NAME = "ჯჯჯჯ";
			};
			name = Release;
		};
/* End XCBuildConfiguration section */

/* Begin XCConfigurationList section */
		2679DAA12BB1B7470069DA5B /* Build configuration list for PBXProject "ჯჯჯჯ" */ = {
			isa = XCConfigurationList;
			buildConfigurations = (
				2679DAC82BB1B7490069DA5B /* Debug */,
				2679DAC92BB1B7490069DA5B /* Release */,
			);
			defaultConfigurationIsVisible = 0;
			defaultConfigurationName = Release;
		};
		2679DACA2BB1B7490069DA5B /* Build configuration list for PBXNativeTarget "ჯჯჯჯ" */ = {
			isa = XCConfigurationList;
			buildConfigurations = (
				2679DACB2BB1B7490069DA5B /* Debug */,
				2679DACC2BB1B7490069DA5B /* Release */,
			);
			defaultConfigurationIsVisible = 0;
			defaultConfigurationName = Release;
		};
		2679DACD2BB1B7490069DA5B /* Build configuration list for PBXNativeTarget "ჯჯჯჯTests" */ = {
			isa = XCConfigurationList;
			buildConfigurations = (
				2679DACE2BB1B7490069DA5B /* Debug */,
				2679DACF2BB1B7490069DA5B /* Release */,
			);
			defaultConfigurationIsVisible = 0;
			defaultConfigurationName = Release;
		};
		2679DAD02BB1B7490069DA5B /* Build configuration list for PBXNativeTarget "ჯჯჯჯUITests" */ = {
			isa = XCConfigurationList;
			buildConfigurations = (
				2679DAD12BB1B7490069DA5B /* Debug */,
				2679DAD22BB1B7490069DA5B /* Release */,
			);
			defaultConfigurationIsVisible = 0;
			defaultConfigurationName = Release;
		};
/* End XCConfigurationList section */
	};
	rootObject = 2679DA9E2BB1B7470069DA5B /* Project object */;
}
