// !$*UTF8*$!
{
	archiveVersion = 1;
	classes = {
	};
	objectVersion = 56;
	objects = {

/* Begin PBXBuildFile section */
		2603A8C72BD9BE0D00B45B1C /* AppDelegate.swift in Sources */ = {isa = PBXBuildFile; fileRef = 2603A8C62BD9BE0D00B45B1C /* AppDelegate.swift */; };
		2603A8C92BD9BE0D00B45B1C /* SceneDelegate.swift in Sources */ = {isa = PBXBuildFile; fileRef = 2603A8C82BD9BE0D00B45B1C /* SceneDelegate.swift */; };
		2603A8D02BD9BE0F00B45B1C /* Assets.xcassets in Resources */ = {isa = PBXBuildFile; fileRef = 2603A8CF2BD9BE0F00B45B1C /* Assets.xcassets */; };
		2603A8D32BD9BE0F00B45B1C /* LaunchScreen.storyboard in Resources */ = {isa = PBXBuildFile; fileRef = 2603A8D12BD9BE0F00B45B1C /* LaunchScreen.storyboard */; };
		2603A8E32BD9BFEC00B45B1C /* UIImageView.swift in Sources */ = {isa = PBXBuildFile; fileRef = 2603A8E22BD9BFEC00B45B1C /* UIImageView.swift */; };
		2603A8E52BD9BFF700B45B1C /* DoubleArray.swift in Sources */ = {isa = PBXBuildFile; fileRef = 2603A8E42BD9BFF700B45B1C /* DoubleArray.swift */; };
		2603A8E72BD9C00600B45B1C /* StringDict.swift in Sources */ = {isa = PBXBuildFile; fileRef = 2603A8E62BD9C00600B45B1C /* StringDict.swift */; };
		2603A8E92BD9C01200B45B1C /* StringArray.swift in Sources */ = {isa = PBXBuildFile; fileRef = 2603A8E82BD9C01200B45B1C /* StringArray.swift */; };
		2603A8EB2BD9C05B00B45B1C /* Country.swift in Sources */ = {isa = PBXBuildFile; fileRef = 2603A8EA2BD9C05B00B45B1C /* Country.swift */; };
		2603A8ED2BD9C08100B45B1C /* NetworkService.swift in Sources */ = {isa = PBXBuildFile; fileRef = 2603A8EC2BD9C08100B45B1C /* NetworkService.swift */; };
		2603A8EF2BD9C0AC00B45B1C /* MainPageView.swift in Sources */ = {isa = PBXBuildFile; fileRef = 2603A8EE2BD9C0AC00B45B1C /* MainPageView.swift */; };
		2603A8F12BD9C0B900B45B1C /* MainPageViewModel.swift in Sources */ = {isa = PBXBuildFile; fileRef = 2603A8F02BD9C0B900B45B1C /* MainPageViewModel.swift */; };
		2603A8F32BD9C0C600B45B1C /* MainPageModel.swift in Sources */ = {isa = PBXBuildFile; fileRef = 2603A8F22BD9C0C600B45B1C /* MainPageModel.swift */; };
		2603A8F52BD9C0D300B45B1C /* MainPageViewController.swift in Sources */ = {isa = PBXBuildFile; fileRef = 2603A8F42BD9C0D300B45B1C /* MainPageViewController.swift */; };
		2603A8F72BD9C0E200B45B1C /* CountryDetailsPageView.swift in Sources */ = {isa = PBXBuildFile; fileRef = 2603A8F62BD9C0E200B45B1C /* CountryDetailsPageView.swift */; };
		2603A8FB2BD9C10A00B45B1C /* CountryDetailsPageViewModel.swift in Sources */ = {isa = PBXBuildFile; fileRef = 2603A8FA2BD9C10A00B45B1C /* CountryDetailsPageViewModel.swift */; };
		2603A8FD2BD9C12100B45B1C /* CountryDetailsPageViewController.swift in Sources */ = {isa = PBXBuildFile; fileRef = 2603A8FC2BD9C12100B45B1C /* CountryDetailsPageViewController.swift */; };
		2603A8FF2BD9C4AB00B45B1C /* CountryCell.swift in Sources */ = {isa = PBXBuildFile; fileRef = 2603A8FE2BD9C4AB00B45B1C /* CountryCell.swift */; };
		2603A9022BD9CDEC00B45B1C /* CustomCountryStackView.swift in Sources */ = {isa = PBXBuildFile; fileRef = 2603A9012BD9CDEC00B45B1C /* CustomCountryStackView.swift */; };
		2603A9042BDA3A0D00B45B1C /* MainPageViewController + UITableViewExt.swift in Sources */ = {isa = PBXBuildFile; fileRef = 2603A9032BDA3A0D00B45B1C /* MainPageViewController + UITableViewExt.swift */; };
		2613702B2BDBE92800EA2C98 /* LoginPageView.swift in Sources */ = {isa = PBXBuildFile; fileRef = 2613702A2BDBE92800EA2C98 /* LoginPageView.swift */; };
		2613702D2BDBE93300EA2C98 /* LoginPageViewModel.swift in Sources */ = {isa = PBXBuildFile; fileRef = 2613702C2BDBE93300EA2C98 /* LoginPageViewModel.swift */; };
		2613702F2BDBE94000EA2C98 /* LoginPageViewController.swift in Sources */ = {isa = PBXBuildFile; fileRef = 2613702E2BDBE94000EA2C98 /* LoginPageViewController.swift */; };
		261370312BDBEDBB00EA2C98 /* CustomLoginStackView.swift in Sources */ = {isa = PBXBuildFile; fileRef = 261370302BDBEDBB00EA2C98 /* CustomLoginStackView.swift */; };
/* End PBXBuildFile section */

/* Begin PBXFileReference section */
		2603A8C32BD9BE0D00B45B1C /* CountryAppMVVM.app */ = {isa = PBXFileReference; explicitFileType = wrapper.application; includeInIndex = 0; path = CountryAppMVVM.app; sourceTree = BUILT_PRODUCTS_DIR; };
		2603A8C62BD9BE0D00B45B1C /* AppDelegate.swift */ = {isa = PBXFileReference; lastKnownFileType = sourcecode.swift; path = AppDelegate.swift; sourceTree = "<group>"; };
		2603A8C82BD9BE0D00B45B1C /* SceneDelegate.swift */ = {isa = PBXFileReference; lastKnownFileType = sourcecode.swift; path = SceneDelegate.swift; sourceTree = "<group>"; };
		2603A8CF2BD9BE0F00B45B1C /* Assets.xcassets */ = {isa = PBXFileReference; lastKnownFileType = folder.assetcatalog; path = Assets.xcassets; sourceTree = "<group>"; };
		2603A8D22BD9BE0F00B45B1C /* Base */ = {isa = PBXFileReference; lastKnownFileType = file.storyboard; name = Base; path = Base.lproj/LaunchScreen.storyboard; sourceTree = "<group>"; };
		2603A8D42BD9BE0F00B45B1C /* Info.plist */ = {isa = PBXFileReference; lastKnownFileType = text.plist.xml; path = Info.plist; sourceTree = "<group>"; };
		2603A8E22BD9BFEC00B45B1C /* UIImageView.swift */ = {isa = PBXFileReference; lastKnownFileType = sourcecode.swift; path = UIImageView.swift; sourceTree = "<group>"; };
		2603A8E42BD9BFF700B45B1C /* DoubleArray.swift */ = {isa = PBXFileReference; lastKnownFileType = sourcecode.swift; path = DoubleArray.swift; sourceTree = "<group>"; };
		2603A8E62BD9C00600B45B1C /* StringDict.swift */ = {isa = PBXFileReference; lastKnownFileType = sourcecode.swift; path = StringDict.swift; sourceTree = "<group>"; };
		2603A8E82BD9C01200B45B1C /* StringArray.swift */ = {isa = PBXFileReference; lastKnownFileType = sourcecode.swift; path = StringArray.swift; sourceTree = "<group>"; };
		2603A8EA2BD9C05B00B45B1C /* Country.swift */ = {isa = PBXFileReference; lastKnownFileType = sourcecode.swift; path = Country.swift; sourceTree = "<group>"; };
		2603A8EC2BD9C08100B45B1C /* NetworkService.swift */ = {isa = PBXFileReference; lastKnownFileType = sourcecode.swift; path = NetworkService.swift; sourceTree = "<group>"; };
		2603A8EE2BD9C0AC00B45B1C /* MainPageView.swift */ = {isa = PBXFileReference; lastKnownFileType = sourcecode.swift; path = MainPageView.swift; sourceTree = "<group>"; };
		2603A8F02BD9C0B900B45B1C /* MainPageViewModel.swift */ = {isa = PBXFileReference; lastKnownFileType = sourcecode.swift; path = MainPageViewModel.swift; sourceTree = "<group>"; };
		2603A8F22BD9C0C600B45B1C /* MainPageModel.swift */ = {isa = PBXFileReference; lastKnownFileType = sourcecode.swift; path = MainPageModel.swift; sourceTree = "<group>"; };
		2603A8F42BD9C0D300B45B1C /* MainPageViewController.swift */ = {isa = PBXFileReference; lastKnownFileType = sourcecode.swift; path = MainPageViewController.swift; sourceTree = "<group>"; };
		2603A8F62BD9C0E200B45B1C /* CountryDetailsPageView.swift */ = {isa = PBXFileReference; lastKnownFileType = sourcecode.swift; path = CountryDetailsPageView.swift; sourceTree = "<group>"; };
		2603A8FA2BD9C10A00B45B1C /* CountryDetailsPageViewModel.swift */ = {isa = PBXFileReference; lastKnownFileType = sourcecode.swift; path = CountryDetailsPageViewModel.swift; sourceTree = "<group>"; };
		2603A8FC2BD9C12100B45B1C /* CountryDetailsPageViewController.swift */ = {isa = PBXFileReference; lastKnownFileType = sourcecode.swift; path = CountryDetailsPageViewController.swift; sourceTree = "<group>"; };
		2603A8FE2BD9C4AB00B45B1C /* CountryCell.swift */ = {isa = PBXFileReference; lastKnownFileType = sourcecode.swift; path = CountryCell.swift; sourceTree = "<group>"; };
		2603A9012BD9CDEC00B45B1C /* CustomCountryStackView.swift */ = {isa = PBXFileReference; lastKnownFileType = sourcecode.swift; path = CustomCountryStackView.swift; sourceTree = "<group>"; };
		2603A9032BDA3A0D00B45B1C /* MainPageViewController + UITableViewExt.swift */ = {isa = PBXFileReference; lastKnownFileType = sourcecode.swift; path = "MainPageViewController + UITableViewExt.swift"; sourceTree = "<group>"; };
		2613702A2BDBE92800EA2C98 /* LoginPageView.swift */ = {isa = PBXFileReference; lastKnownFileType = sourcecode.swift; path = LoginPageView.swift; sourceTree = "<group>"; };
		2613702C2BDBE93300EA2C98 /* LoginPageViewModel.swift */ = {isa = PBXFileReference; lastKnownFileType = sourcecode.swift; path = LoginPageViewModel.swift; sourceTree = "<group>"; };
		2613702E2BDBE94000EA2C98 /* LoginPageViewController.swift */ = {isa = PBXFileReference; lastKnownFileType = sourcecode.swift; path = LoginPageViewController.swift; sourceTree = "<group>"; };
		261370302BDBEDBB00EA2C98 /* CustomLoginStackView.swift */ = {isa = PBXFileReference; lastKnownFileType = sourcecode.swift; path = CustomLoginStackView.swift; sourceTree = "<group>"; };
/* End PBXFileReference section */

/* Begin PBXFrameworksBuildPhase section */
		2603A8C02BD9BE0D00B45B1C /* Frameworks */ = {
			isa = PBXFrameworksBuildPhase;
			buildActionMask = 2147483647;
			files = (
			);
			runOnlyForDeploymentPostprocessing = 0;
		};
/* End PBXFrameworksBuildPhase section */

/* Begin PBXGroup section */
		2603A8BA2BD9BE0D00B45B1C = {
			isa = PBXGroup;
			children = (
				2603A8C52BD9BE0D00B45B1C /* CountryAppMVVM */,
				2603A8C42BD9BE0D00B45B1C /* Products */,
			);
			sourceTree = "<group>";
		};
		2603A8C42BD9BE0D00B45B1C /* Products */ = {
			isa = PBXGroup;
			children = (
				2603A8C32BD9BE0D00B45B1C /* CountryAppMVVM.app */,
			);
			name = Products;
			sourceTree = "<group>";
		};
		2603A8C52BD9BE0D00B45B1C /* CountryAppMVVM */ = {
			isa = PBXGroup;
			children = (
				2603A8DA2BD9BEB300B45B1C /* App */,
				2603A8DC2BD9BF5100B45B1C /* NetworkService */,
				2603A9002BD9CDD500B45B1C /* CustomViews */,
				2603A8DD2BD9BF5900B45B1C /* CountryModel */,
				261370292BDBE90100EA2C98 /* LoginPage */,
				2603A8DE2BD9BF6100B45B1C /* MainPage */,
				2603A8DF2BD9BF7800B45B1C /* CountryDetailsPage */,
				2603A8E02BD9BF8300B45B1C /* Extensions */,
				2603A8DB2BD9BEC200B45B1C /* Resources */,
			);
			path = CountryAppMVVM;
			sourceTree = "<group>";
		};
		2603A8DA2BD9BEB300B45B1C /* App */ = {
			isa = PBXGroup;
			children = (
				2603A8C62BD9BE0D00B45B1C /* AppDelegate.swift */,
				2603A8C82BD9BE0D00B45B1C /* SceneDelegate.swift */,
			);
			path = App;
			sourceTree = "<group>";
		};
		2603A8DB2BD9BEC200B45B1C /* Resources */ = {
			isa = PBXGroup;
			children = (
				2603A8E12BD9BF8F00B45B1C /* Screens */,
				2603A8CF2BD9BE0F00B45B1C /* Assets.xcassets */,
				2603A8D42BD9BE0F00B45B1C /* Info.plist */,
			);
			path = Resources;
			sourceTree = "<group>";
		};
		2603A8DC2BD9BF5100B45B1C /* NetworkService */ = {
			isa = PBXGroup;
			children = (
				2603A8EC2BD9C08100B45B1C /* NetworkService.swift */,
			);
			path = NetworkService;
			sourceTree = "<group>";
		};
		2603A8DD2BD9BF5900B45B1C /* CountryModel */ = {
			isa = PBXGroup;
			children = (
				2603A8EA2BD9C05B00B45B1C /* Country.swift */,
			);
			path = CountryModel;
			sourceTree = "<group>";
		};
		2603A8DE2BD9BF6100B45B1C /* MainPage */ = {
			isa = PBXGroup;
			children = (
				2603A8EE2BD9C0AC00B45B1C /* MainPageView.swift */,
				2603A8F02BD9C0B900B45B1C /* MainPageViewModel.swift */,
				2603A8F22BD9C0C600B45B1C /* MainPageModel.swift */,
				2603A8F42BD9C0D300B45B1C /* MainPageViewController.swift */,
				2603A8FE2BD9C4AB00B45B1C /* CountryCell.swift */,
				2603A9032BDA3A0D00B45B1C /* MainPageViewController + UITableViewExt.swift */,
			);
			path = MainPage;
			sourceTree = "<group>";
		};
		2603A8DF2BD9BF7800B45B1C /* CountryDetailsPage */ = {
			isa = PBXGroup;
			children = (
				2603A8F62BD9C0E200B45B1C /* CountryDetailsPageView.swift */,
				2603A8FA2BD9C10A00B45B1C /* CountryDetailsPageViewModel.swift */,
				2603A8FC2BD9C12100B45B1C /* CountryDetailsPageViewController.swift */,
			);
			path = CountryDetailsPage;
			sourceTree = "<group>";
		};
		2603A8E02BD9BF8300B45B1C /* Extensions */ = {
			isa = PBXGroup;
			children = (
				2603A8E22BD9BFEC00B45B1C /* UIImageView.swift */,
				2603A8E42BD9BFF700B45B1C /* DoubleArray.swift */,
				2603A8E62BD9C00600B45B1C /* StringDict.swift */,
				2603A8E82BD9C01200B45B1C /* StringArray.swift */,
			);
			path = Extensions;
			sourceTree = "<group>";
		};
		2603A8E12BD9BF8F00B45B1C /* Screens */ = {
			isa = PBXGroup;
			children = (
				2603A8D12BD9BE0F00B45B1C /* LaunchScreen.storyboard */,
			);
			path = Screens;
			sourceTree = "<group>";
		};
		2603A9002BD9CDD500B45B1C /* CustomViews */ = {
			isa = PBXGroup;
			children = (
				2603A9012BD9CDEC00B45B1C /* CustomCountryStackView.swift */,
				261370302BDBEDBB00EA2C98 /* CustomLoginStackView.swift */,
			);
			path = CustomViews;
			sourceTree = "<group>";
		};
		261370292BDBE90100EA2C98 /* LoginPage */ = {
			isa = PBXGroup;
			children = (
				2613702A2BDBE92800EA2C98 /* LoginPageView.swift */,
				2613702C2BDBE93300EA2C98 /* LoginPageViewModel.swift */,
				2613702E2BDBE94000EA2C98 /* LoginPageViewController.swift */,
			);
			path = LoginPage;
			sourceTree = "<group>";
		};
/* End PBXGroup section */

/* Begin PBXNativeTarget section */
		2603A8C22BD9BE0D00B45B1C /* CountryAppMVVM */ = {
			isa = PBXNativeTarget;
			buildConfigurationList = 2603A8D72BD9BE0F00B45B1C /* Build configuration list for PBXNativeTarget "CountryAppMVVM" */;
			buildPhases = (
				2603A8BF2BD9BE0D00B45B1C /* Sources */,
				2603A8C02BD9BE0D00B45B1C /* Frameworks */,
				2603A8C12BD9BE0D00B45B1C /* Resources */,
			);
			buildRules = (
			);
			dependencies = (
			);
			name = CountryAppMVVM;
			productName = CountryAppMVVM;
			productReference = 2603A8C32BD9BE0D00B45B1C /* CountryAppMVVM.app */;
			productType = "com.apple.product-type.application";
		};
/* End PBXNativeTarget section */

/* Begin PBXProject section */
		2603A8BB2BD9BE0D00B45B1C /* Project object */ = {
			isa = PBXProject;
			attributes = {
				BuildIndependentTargetsInParallel = 1;
				LastSwiftUpdateCheck = 1500;
				LastUpgradeCheck = 1500;
				TargetAttributes = {
					2603A8C22BD9BE0D00B45B1C = {
						CreatedOnToolsVersion = 15.0.1;
					};
				};
			};
			buildConfigurationList = 2603A8BE2BD9BE0D00B45B1C /* Build configuration list for PBXProject "CountryAppMVVM" */;
			compatibilityVersion = "Xcode 14.0";
			developmentRegion = en;
			hasScannedForEncodings = 0;
			knownRegions = (
				en,
				Base,
			);
			mainGroup = 2603A8BA2BD9BE0D00B45B1C;
			productRefGroup = 2603A8C42BD9BE0D00B45B1C /* Products */;
			projectDirPath = "";
			projectRoot = "";
			targets = (
				2603A8C22BD9BE0D00B45B1C /* CountryAppMVVM */,
			);
		};
/* End PBXProject section */

/* Begin PBXResourcesBuildPhase section */
		2603A8C12BD9BE0D00B45B1C /* Resources */ = {
			isa = PBXResourcesBuildPhase;
			buildActionMask = 2147483647;
			files = (
				2603A8D32BD9BE0F00B45B1C /* LaunchScreen.storyboard in Resources */,
				2603A8D02BD9BE0F00B45B1C /* Assets.xcassets in Resources */,
			);
			runOnlyForDeploymentPostprocessing = 0;
		};
/* End PBXResourcesBuildPhase section */

/* Begin PBXSourcesBuildPhase section */
		2603A8BF2BD9BE0D00B45B1C /* Sources */ = {
			isa = PBXSourcesBuildPhase;
			buildActionMask = 2147483647;
			files = (
				2603A8E32BD9BFEC00B45B1C /* UIImageView.swift in Sources */,
				2603A8F72BD9C0E200B45B1C /* CountryDetailsPageView.swift in Sources */,
				261370312BDBEDBB00EA2C98 /* CustomLoginStackView.swift in Sources */,
				2603A8FB2BD9C10A00B45B1C /* CountryDetailsPageViewModel.swift in Sources */,
				2603A8F32BD9C0C600B45B1C /* MainPageModel.swift in Sources */,
				2603A8FD2BD9C12100B45B1C /* CountryDetailsPageViewController.swift in Sources */,
				2603A9022BD9CDEC00B45B1C /* CustomCountryStackView.swift in Sources */,
				2603A8E52BD9BFF700B45B1C /* DoubleArray.swift in Sources */,
				2603A8EF2BD9C0AC00B45B1C /* MainPageView.swift in Sources */,
				2603A8FF2BD9C4AB00B45B1C /* CountryCell.swift in Sources */,
				2603A8C72BD9BE0D00B45B1C /* AppDelegate.swift in Sources */,
				2603A8F12BD9C0B900B45B1C /* MainPageViewModel.swift in Sources */,
				2603A8F52BD9C0D300B45B1C /* MainPageViewController.swift in Sources */,
				2613702F2BDBE94000EA2C98 /* LoginPageViewController.swift in Sources */,
				2603A8ED2BD9C08100B45B1C /* NetworkService.swift in Sources */,
				2613702D2BDBE93300EA2C98 /* LoginPageViewModel.swift in Sources */,
				2603A8EB2BD9C05B00B45B1C /* Country.swift in Sources */,
				2603A8E72BD9C00600B45B1C /* StringDict.swift in Sources */,
				2603A9042BDA3A0D00B45B1C /* MainPageViewController + UITableViewExt.swift in Sources */,
				2603A8E92BD9C01200B45B1C /* StringArray.swift in Sources */,
				2603A8C92BD9BE0D00B45B1C /* SceneDelegate.swift in Sources */,
				2613702B2BDBE92800EA2C98 /* LoginPageView.swift in Sources */,
			);
			runOnlyForDeploymentPostprocessing = 0;
		};
/* End PBXSourcesBuildPhase section */

/* Begin PBXVariantGroup section */
		2603A8D12BD9BE0F00B45B1C /* LaunchScreen.storyboard */ = {
			isa = PBXVariantGroup;
			children = (
				2603A8D22BD9BE0F00B45B1C /* Base */,
			);
			name = LaunchScreen.storyboard;
			sourceTree = "<group>";
		};
/* End PBXVariantGroup section */

/* Begin XCBuildConfiguration section */
		2603A8D52BD9BE0F00B45B1C /* Debug */ = {
			isa = XCBuildConfiguration;
			buildSettings = {
				ALWAYS_SEARCH_USER_PATHS = NO;
				ASSETCATALOG_COMPILER_GENERATE_SWIFT_ASSET_SYMBOL_EXTENSIONS = YES;
				CLANG_ANALYZER_NONNULL = YES;
				CLANG_ANALYZER_NUMBER_OBJECT_CONVERSION = YES_AGGRESSIVE;
				CLANG_CXX_LANGUAGE_STANDARD = "gnu++20";
				CLANG_ENABLE_MODULES = YES;
				CLANG_ENABLE_OBJC_ARC = YES;
				CLANG_ENABLE_OBJC_WEAK = YES;
				CLANG_WARN_BLOCK_CAPTURE_AUTORELEASING = YES;
				CLANG_WARN_BOOL_CONVERSION = YES;
				CLANG_WARN_COMMA = YES;
				CLANG_WARN_CONSTANT_CONVERSION = YES;
				CLANG_WARN_DEPRECATED_OBJC_IMPLEMENTATIONS = YES;
				CLANG_WARN_DIRECT_OBJC_ISA_USAGE = YES_ERROR;
				CLANG_WARN_DOCUMENTATION_COMMENTS = YES;
				CLANG_WARN_EMPTY_BODY = YES;
				CLANG_WARN_ENUM_CONVERSION = YES;
				CLANG_WARN_INFINITE_RECURSION = YES;
				CLANG_WARN_INT_CONVERSION = YES;
				CLANG_WARN_NON_LITERAL_NULL_CONVERSION = YES;
				CLANG_WARN_OBJC_IMPLICIT_RETAIN_SELF = YES;
				CLANG_WARN_OBJC_LITERAL_CONVERSION = YES;
				CLANG_WARN_OBJC_ROOT_CLASS = YES_ERROR;
				CLANG_WARN_QUOTED_INCLUDE_IN_FRAMEWORK_HEADER = YES;
				CLANG_WARN_RANGE_LOOP_ANALYSIS = YES;
				CLANG_WARN_STRICT_PROTOTYPES = YES;
				CLANG_WARN_SUSPICIOUS_MOVE = YES;
				CLANG_WARN_UNGUARDED_AVAILABILITY = YES_AGGRESSIVE;
				CLANG_WARN_UNREACHABLE_CODE = YES;
				CLANG_WARN__DUPLICATE_METHOD_MATCH = YES;
				COPY_PHASE_STRIP = NO;
				DEBUG_INFORMATION_FORMAT = dwarf;
				ENABLE_STRICT_OBJC_MSGSEND = YES;
				ENABLE_TESTABILITY = YES;
				ENABLE_USER_SCRIPT_SANDBOXING = YES;
				GCC_C_LANGUAGE_STANDARD = gnu17;
				GCC_DYNAMIC_NO_PIC = NO;
				GCC_NO_COMMON_BLOCKS = YES;
				GCC_OPTIMIZATION_LEVEL = 0;
				GCC_PREPROCESSOR_DEFINITIONS = (
					"DEBUG=1",
					"$(inherited)",
				);
				GCC_WARN_64_TO_32_BIT_CONVERSION = YES;
				GCC_WARN_ABOUT_RETURN_TYPE = YES_ERROR;
				GCC_WARN_UNDECLARED_SELECTOR = YES;
				GCC_WARN_UNINITIALIZED_AUTOS = YES_AGGRESSIVE;
				GCC_WARN_UNUSED_FUNCTION = YES;
				GCC_WARN_UNUSED_VARIABLE = YES;
				IPHONEOS_DEPLOYMENT_TARGET = 17.0;
				LOCALIZATION_PREFERS_STRING_CATALOGS = YES;
				MTL_ENABLE_DEBUG_INFO = INCLUDE_SOURCE;
				MTL_FAST_MATH = YES;
				ONLY_ACTIVE_ARCH = YES;
				SDKROOT = iphoneos;
				SWIFT_ACTIVE_COMPILATION_CONDITIONS = "DEBUG $(inherited)";
				SWIFT_OPTIMIZATION_LEVEL = "-Onone";
			};
			name = Debug;
		};
		2603A8D62BD9BE0F00B45B1C /* Release */ = {
			isa = XCBuildConfiguration;
			buildSettings = {
				ALWAYS_SEARCH_USER_PATHS = NO;
				ASSETCATALOG_COMPILER_GENERATE_SWIFT_ASSET_SYMBOL_EXTENSIONS = YES;
				CLANG_ANALYZER_NONNULL = YES;
				CLANG_ANALYZER_NUMBER_OBJECT_CONVERSION = YES_AGGRESSIVE;
				CLANG_CXX_LANGUAGE_STANDARD = "gnu++20";
				CLANG_ENABLE_MODULES = YES;
				CLANG_ENABLE_OBJC_ARC = YES;
				CLANG_ENABLE_OBJC_WEAK = YES;
				CLANG_WARN_BLOCK_CAPTURE_AUTORELEASING = YES;
				CLANG_WARN_BOOL_CONVERSION = YES;
				CLANG_WARN_COMMA = YES;
				CLANG_WARN_CONSTANT_CONVERSION = YES;
				CLANG_WARN_DEPRECATED_OBJC_IMPLEMENTATIONS = YES;
				CLANG_WARN_DIRECT_OBJC_ISA_USAGE = YES_ERROR;
				CLANG_WARN_DOCUMENTATION_COMMENTS = YES;
				CLANG_WARN_EMPTY_BODY = YES;
				CLANG_WARN_ENUM_CONVERSION = YES;
				CLANG_WARN_INFINITE_RECURSION = YES;
				CLANG_WARN_INT_CONVERSION = YES;
				CLANG_WARN_NON_LITERAL_NULL_CONVERSION = YES;
				CLANG_WARN_OBJC_IMPLICIT_RETAIN_SELF = YES;
				CLANG_WARN_OBJC_LITERAL_CONVERSION = YES;
				CLANG_WARN_OBJC_ROOT_CLASS = YES_ERROR;
				CLANG_WARN_QUOTED_INCLUDE_IN_FRAMEWORK_HEADER = YES;
				CLANG_WARN_RANGE_LOOP_ANALYSIS = YES;
				CLANG_WARN_STRICT_PROTOTYPES = YES;
				CLANG_WARN_SUSPICIOUS_MOVE = YES;
				CLANG_WARN_UNGUARDED_AVAILABILITY = YES_AGGRESSIVE;
				CLANG_WARN_UNREACHABLE_CODE = YES;
				CLANG_WARN__DUPLICATE_METHOD_MATCH = YES;
				COPY_PHASE_STRIP = NO;
				DEBUG_INFORMATION_FORMAT = "dwarf-with-dsym";
				ENABLE_NS_ASSERTIONS = NO;
				ENABLE_STRICT_OBJC_MSGSEND = YES;
				ENABLE_USER_SCRIPT_SANDBOXING = YES;
				GCC_C_LANGUAGE_STANDARD = gnu17;
				GCC_NO_COMMON_BLOCKS = YES;
				GCC_WARN_64_TO_32_BIT_CONVERSION = YES;
				GCC_WARN_ABOUT_RETURN_TYPE = YES_ERROR;
				GCC_WARN_UNDECLARED_SELECTOR = YES;
				GCC_WARN_UNINITIALIZED_AUTOS = YES_AGGRESSIVE;
				GCC_WARN_UNUSED_FUNCTION = YES;
				GCC_WARN_UNUSED_VARIABLE = YES;
				IPHONEOS_DEPLOYMENT_TARGET = 17.0;
				LOCALIZATION_PREFERS_STRING_CATALOGS = YES;
				MTL_ENABLE_DEBUG_INFO = NO;
				MTL_FAST_MATH = YES;
				SDKROOT = iphoneos;
				SWIFT_COMPILATION_MODE = wholemodule;
				VALIDATE_PRODUCT = YES;
			};
			name = Release;
		};
		2603A8D82BD9BE0F00B45B1C /* Debug */ = {
			isa = XCBuildConfiguration;
			buildSettings = {
				ASSETCATALOG_COMPILER_APPICON_NAME = AppIcon;
				ASSETCATALOG_COMPILER_GLOBAL_ACCENT_COLOR_NAME = AccentColor;
				CODE_SIGN_STYLE = Automatic;
				CURRENT_PROJECT_VERSION = 1;
				DEVELOPMENT_TEAM = R6XNAQSMZ9;
				GENERATE_INFOPLIST_FILE = YES;
				INFOPLIST_FILE = CountryAppMVVM/Resources/Info.plist;
				INFOPLIST_KEY_UIApplicationSupportsIndirectInputEvents = YES;
				INFOPLIST_KEY_UILaunchStoryboardName = LaunchScreen;
				INFOPLIST_KEY_UISupportedInterfaceOrientations_iPad = "UIInterfaceOrientationPortrait UIInterfaceOrientationPortraitUpsideDown UIInterfaceOrientationLandscapeLeft UIInterfaceOrientationLandscapeRight";
				INFOPLIST_KEY_UISupportedInterfaceOrientations_iPhone = "UIInterfaceOrientationPortrait UIInterfaceOrientationLandscapeLeft UIInterfaceOrientationLandscapeRight";
				LD_RUNPATH_SEARCH_PATHS = (
					"$(inherited)",
					"@executable_path/Frameworks",
				);
				MARKETING_VERSION = 1.0;
				PRODUCT_BUNDLE_IDENTIFIER = ge.chit.CountryAppMVVM;
				PRODUCT_NAME = "$(TARGET_NAME)";
				SWIFT_EMIT_LOC_STRINGS = YES;
				SWIFT_VERSION = 5.0;
				TARGETED_DEVICE_FAMILY = "1,2";
			};
			name = Debug;
		};
		2603A8D92BD9BE0F00B45B1C /* Release */ = {
			isa = XCBuildConfiguration;
			buildSettings = {
				ASSETCATALOG_COMPILER_APPICON_NAME = AppIcon;
				ASSETCATALOG_COMPILER_GLOBAL_ACCENT_COLOR_NAME = AccentColor;
				CODE_SIGN_STYLE = Automatic;
				CURRENT_PROJECT_VERSION = 1;
				DEVELOPMENT_TEAM = R6XNAQSMZ9;
				GENERATE_INFOPLIST_FILE = YES;
				INFOPLIST_FILE = CountryAppMVVM/Resources/Info.plist;
				INFOPLIST_KEY_UIApplicationSupportsIndirectInputEvents = YES;
				INFOPLIST_KEY_UILaunchStoryboardName = LaunchScreen;
				INFOPLIST_KEY_UISupportedInterfaceOrientations_iPad = "UIInterfaceOrientationPortrait UIInterfaceOrientationPortraitUpsideDown UIInterfaceOrientationLandscapeLeft UIInterfaceOrientationLandscapeRight";
				INFOPLIST_KEY_UISupportedInterfaceOrientations_iPhone = "UIInterfaceOrientationPortrait UIInterfaceOrientationLandscapeLeft UIInterfaceOrientationLandscapeRight";
				LD_RUNPATH_SEARCH_PATHS = (
					"$(inherited)",
					"@executable_path/Frameworks",
				);
				MARKETING_VERSION = 1.0;
				PRODUCT_BUNDLE_IDENTIFIER = ge.chit.CountryAppMVVM;
				PRODUCT_NAME = "$(TARGET_NAME)";
				SWIFT_EMIT_LOC_STRINGS = YES;
				SWIFT_VERSION = 5.0;
				TARGETED_DEVICE_FAMILY = "1,2";
			};
			name = Release;
		};
/* End XCBuildConfiguration section */

/* Begin XCConfigurationList section */
		2603A8BE2BD9BE0D00B45B1C /* Build configuration list for PBXProject "CountryAppMVVM" */ = {
			isa = XCConfigurationList;
			buildConfigurations = (
				2603A8D52BD9BE0F00B45B1C /* Debug */,
				2603A8D62BD9BE0F00B45B1C /* Release */,
			);
			defaultConfigurationIsVisible = 0;
			defaultConfigurationName = Release;
		};
		2603A8D72BD9BE0F00B45B1C /* Build configuration list for PBXNativeTarget "CountryAppMVVM" */ = {
			isa = XCConfigurationList;
			buildConfigurations = (
				2603A8D82BD9BE0F00B45B1C /* Debug */,
				2603A8D92BD9BE0F00B45B1C /* Release */,
			);
			defaultConfigurationIsVisible = 0;
			defaultConfigurationName = Release;
		};
/* End XCConfigurationList section */
	};
	rootObject = 2603A8BB2BD9BE0D00B45B1C /* Project object */;
}
