// !$*UTF8*$!
{
	archiveVersion = 1;
	classes = {
	};
	objectVersion = 60;
	objects = {

/* Begin PBXBuildFile section */
		266AB0772C06911F00FC4C9A /* NetworkService.swift in Sources */ = {isa = PBXBuildFile; fileRef = 266AB0762C06911F00FC4C9A /* NetworkService.swift */; };
		266AB07C2C06953800FC4C9A /* MainScreenViewModel.swift in Sources */ = {isa = PBXBuildFile; fileRef = 266AB07B2C06953800FC4C9A /* MainScreenViewModel.swift */; };
		266AB07E2C074D4D00FC4C9A /* ImageLoader.swift in Sources */ = {isa = PBXBuildFile; fileRef = 266AB07D2C074D4D00FC4C9A /* ImageLoader.swift */; };
		266AB0832C075DDF00FC4C9A /* ImageLoadingView.swift in Sources */ = {isa = PBXBuildFile; fileRef = 266AB0822C075DDF00FC4C9A /* ImageLoadingView.swift */; };
		266AB0852C07616800FC4C9A /* ListView.swift in Sources */ = {isa = PBXBuildFile; fileRef = 266AB0842C07616800FC4C9A /* ListView.swift */; };
		266AB0872C07780E00FC4C9A /* RandomTipsViewModel.swift in Sources */ = {isa = PBXBuildFile; fileRef = 266AB0862C07780E00FC4C9A /* RandomTipsViewModel.swift */; };
		266AB0892C07782100FC4C9A /* RandomTipsResponse.swift in Sources */ = {isa = PBXBuildFile; fileRef = 266AB0882C07782100FC4C9A /* RandomTipsResponse.swift */; };
		266AB08E2C07984600FC4C9A /* LargeImageLoadingView.swift in Sources */ = {isa = PBXBuildFile; fileRef = 266AB08D2C07984600FC4C9A /* LargeImageLoadingView.swift */; };
		266AB0932C07A0B500FC4C9A /* HotelsView.swift in Sources */ = {isa = PBXBuildFile; fileRef = 266AB0922C07A0B500FC4C9A /* HotelsView.swift */; };
		266AB0952C07A0C000FC4C9A /* MustSeeView.swift in Sources */ = {isa = PBXBuildFile; fileRef = 266AB0942C07A0C000FC4C9A /* MustSeeView.swift */; };
		266AB0972C07A0D000FC4C9A /* TransportView.swift in Sources */ = {isa = PBXBuildFile; fileRef = 266AB0962C07A0D000FC4C9A /* TransportView.swift */; };
		266AB0992C07A58100FC4C9A /* HotelsModel.swift in Sources */ = {isa = PBXBuildFile; fileRef = 266AB0982C07A58100FC4C9A /* HotelsModel.swift */; };
		266AB09B2C07A59300FC4C9A /* MustSeesModel.swift in Sources */ = {isa = PBXBuildFile; fileRef = 266AB09A2C07A59300FC4C9A /* MustSeesModel.swift */; };
		266AB09D2C07A5A500FC4C9A /* TransportsModel.swift in Sources */ = {isa = PBXBuildFile; fileRef = 266AB09C2C07A5A500FC4C9A /* TransportsModel.swift */; };
		266AB0A02C07A69000FC4C9A /* MustSeeViewModel.swift in Sources */ = {isa = PBXBuildFile; fileRef = 266AB09F2C07A69000FC4C9A /* MustSeeViewModel.swift */; };
		266AB0A42C07A6B000FC4C9A /* TransportViewModel.swift in Sources */ = {isa = PBXBuildFile; fileRef = 266AB0A32C07A6B000FC4C9A /* TransportViewModel.swift */; };
		266AB0A72C07A6C700FC4C9A /* HotelsViewModel.swift in Sources */ = {isa = PBXBuildFile; fileRef = 266AB0A62C07A6C700FC4C9A /* HotelsViewModel.swift */; };
		267A9A402C066D410039A4F3 /* TravelAppApp.swift in Sources */ = {isa = PBXBuildFile; fileRef = 267A9A3F2C066D410039A4F3 /* TravelAppApp.swift */; };
		267A9A442C066D430039A4F3 /* Assets.xcassets in Resources */ = {isa = PBXBuildFile; fileRef = 267A9A432C066D430039A4F3 /* Assets.xcassets */; };
		267A9A472C066D430039A4F3 /* Preview Assets.xcassets in Resources */ = {isa = PBXBuildFile; fileRef = 267A9A462C066D430039A4F3 /* Preview Assets.xcassets */; };
		267A9A572C066E170039A4F3 /* MainScreenView.swift in Sources */ = {isa = PBXBuildFile; fileRef = 267A9A562C066E170039A4F3 /* MainScreenView.swift */; };
		267A9A5B2C066E370039A4F3 /* DestinationDetailScreenView.swift in Sources */ = {isa = PBXBuildFile; fileRef = 267A9A5A2C066E370039A4F3 /* DestinationDetailScreenView.swift */; };
		267A9A5D2C066E4A0039A4F3 /* DestinationDetailScreenViewModel.swift in Sources */ = {isa = PBXBuildFile; fileRef = 267A9A5C2C066E4A0039A4F3 /* DestinationDetailScreenViewModel.swift */; };
		267A9A612C068DB40039A4F3 /* CountryModelForMainView.swift in Sources */ = {isa = PBXBuildFile; fileRef = 267A9A602C068DB40039A4F3 /* CountryModelForMainView.swift */; };
/* End PBXBuildFile section */

/* Begin PBXFileReference section */
		266AB0762C06911F00FC4C9A /* NetworkService.swift */ = {isa = PBXFileReference; lastKnownFileType = sourcecode.swift; path = NetworkService.swift; sourceTree = "<group>"; };
		266AB07B2C06953800FC4C9A /* MainScreenViewModel.swift */ = {isa = PBXFileReference; lastKnownFileType = sourcecode.swift; path = MainScreenViewModel.swift; sourceTree = "<group>"; };
		266AB07D2C074D4D00FC4C9A /* ImageLoader.swift */ = {isa = PBXFileReference; lastKnownFileType = sourcecode.swift; path = ImageLoader.swift; sourceTree = "<group>"; };
		266AB0822C075DDF00FC4C9A /* ImageLoadingView.swift */ = {isa = PBXFileReference; lastKnownFileType = sourcecode.swift; path = ImageLoadingView.swift; sourceTree = "<group>"; };
		266AB0842C07616800FC4C9A /* ListView.swift */ = {isa = PBXFileReference; lastKnownFileType = sourcecode.swift; path = ListView.swift; sourceTree = "<group>"; };
		266AB0862C07780E00FC4C9A /* RandomTipsViewModel.swift */ = {isa = PBXFileReference; lastKnownFileType = sourcecode.swift; path = RandomTipsViewModel.swift; sourceTree = "<group>"; };
		266AB0882C07782100FC4C9A /* RandomTipsResponse.swift */ = {isa = PBXFileReference; lastKnownFileType = sourcecode.swift; path = RandomTipsResponse.swift; sourceTree = "<group>"; };
		266AB08D2C07984600FC4C9A /* LargeImageLoadingView.swift */ = {isa = PBXFileReference; lastKnownFileType = sourcecode.swift; path = LargeImageLoadingView.swift; sourceTree = "<group>"; };
		266AB0922C07A0B500FC4C9A /* HotelsView.swift */ = {isa = PBXFileReference; lastKnownFileType = sourcecode.swift; path = HotelsView.swift; sourceTree = "<group>"; };
		266AB0942C07A0C000FC4C9A /* MustSeeView.swift */ = {isa = PBXFileReference; lastKnownFileType = sourcecode.swift; path = MustSeeView.swift; sourceTree = "<group>"; };
		266AB0962C07A0D000FC4C9A /* TransportView.swift */ = {isa = PBXFileReference; lastKnownFileType = sourcecode.swift; path = TransportView.swift; sourceTree = "<group>"; };
		266AB0982C07A58100FC4C9A /* HotelsModel.swift */ = {isa = PBXFileReference; lastKnownFileType = sourcecode.swift; path = HotelsModel.swift; sourceTree = "<group>"; };
		266AB09A2C07A59300FC4C9A /* MustSeesModel.swift */ = {isa = PBXFileReference; lastKnownFileType = sourcecode.swift; path = MustSeesModel.swift; sourceTree = "<group>"; };
		266AB09C2C07A5A500FC4C9A /* TransportsModel.swift */ = {isa = PBXFileReference; lastKnownFileType = sourcecode.swift; path = TransportsModel.swift; sourceTree = "<group>"; };
		266AB09F2C07A69000FC4C9A /* MustSeeViewModel.swift */ = {isa = PBXFileReference; lastKnownFileType = sourcecode.swift; path = MustSeeViewModel.swift; sourceTree = "<group>"; };
		266AB0A32C07A6B000FC4C9A /* TransportViewModel.swift */ = {isa = PBXFileReference; lastKnownFileType = sourcecode.swift; path = TransportViewModel.swift; sourceTree = "<group>"; };
		266AB0A62C07A6C700FC4C9A /* HotelsViewModel.swift */ = {isa = PBXFileReference; lastKnownFileType = sourcecode.swift; path = HotelsViewModel.swift; sourceTree = "<group>"; };
		267A9A3C2C066D410039A4F3 /* TravelApp.app */ = {isa = PBXFileReference; explicitFileType = wrapper.application; includeInIndex = 0; path = TravelApp.app; sourceTree = BUILT_PRODUCTS_DIR; };
		267A9A3F2C066D410039A4F3 /* TravelAppApp.swift */ = {isa = PBXFileReference; lastKnownFileType = sourcecode.swift; path = TravelAppApp.swift; sourceTree = "<group>"; };
		267A9A432C066D430039A4F3 /* Assets.xcassets */ = {isa = PBXFileReference; lastKnownFileType = folder.assetcatalog; path = Assets.xcassets; sourceTree = "<group>"; };
		267A9A462C066D430039A4F3 /* Preview Assets.xcassets */ = {isa = PBXFileReference; lastKnownFileType = folder.assetcatalog; path = "Preview Assets.xcassets"; sourceTree = "<group>"; };
		267A9A562C066E170039A4F3 /* MainScreenView.swift */ = {isa = PBXFileReference; lastKnownFileType = sourcecode.swift; path = MainScreenView.swift; sourceTree = "<group>"; };
		267A9A5A2C066E370039A4F3 /* DestinationDetailScreenView.swift */ = {isa = PBXFileReference; lastKnownFileType = sourcecode.swift; path = DestinationDetailScreenView.swift; sourceTree = "<group>"; };
		267A9A5C2C066E4A0039A4F3 /* DestinationDetailScreenViewModel.swift */ = {isa = PBXFileReference; lastKnownFileType = sourcecode.swift; path = DestinationDetailScreenViewModel.swift; sourceTree = "<group>"; };
		267A9A602C068DB40039A4F3 /* CountryModelForMainView.swift */ = {isa = PBXFileReference; lastKnownFileType = sourcecode.swift; path = CountryModelForMainView.swift; sourceTree = "<group>"; };
/* End PBXFileReference section */

/* Begin PBXFrameworksBuildPhase section */
		267A9A392C066D410039A4F3 /* Frameworks */ = {
			isa = PBXFrameworksBuildPhase;
			buildActionMask = 2147483647;
			files = (
			);
			runOnlyForDeploymentPostprocessing = 0;
		};
/* End PBXFrameworksBuildPhase section */

/* Begin PBXGroup section */
		266AB0752C06910600FC4C9A /* NetworkService */ = {
			isa = PBXGroup;
			children = (
				266AB0762C06911F00FC4C9A /* NetworkService.swift */,
			);
			path = NetworkService;
			sourceTree = "<group>";
		};
		266AB0782C0694EA00FC4C9A /* MainView */ = {
			isa = PBXGroup;
			children = (
				266AB0812C075DD300FC4C9A /* SubViews */,
				266AB0802C0750D700FC4C9A /* Views */,
				266AB07F2C0750C400FC4C9A /* ViewModels */,
			);
			path = MainView;
			sourceTree = "<group>";
		};
		266AB07F2C0750C400FC4C9A /* ViewModels */ = {
			isa = PBXGroup;
			children = (
				266AB07D2C074D4D00FC4C9A /* ImageLoader.swift */,
				266AB07B2C06953800FC4C9A /* MainScreenViewModel.swift */,
				266AB0862C07780E00FC4C9A /* RandomTipsViewModel.swift */,
			);
			path = ViewModels;
			sourceTree = "<group>";
		};
		266AB0802C0750D700FC4C9A /* Views */ = {
			isa = PBXGroup;
			children = (
				267A9A562C066E170039A4F3 /* MainScreenView.swift */,
			);
			path = Views;
			sourceTree = "<group>";
		};
		266AB0812C075DD300FC4C9A /* SubViews */ = {
			isa = PBXGroup;
			children = (
				266AB0822C075DDF00FC4C9A /* ImageLoadingView.swift */,
				266AB0842C07616800FC4C9A /* ListView.swift */,
			);
			path = SubViews;
			sourceTree = "<group>";
		};
		266AB08A2C07966500FC4C9A /* SubViews */ = {
			isa = PBXGroup;
			children = (
				266AB08D2C07984600FC4C9A /* LargeImageLoadingView.swift */,
			);
			path = SubViews;
			sourceTree = "<group>";
		};
		266AB08F2C07988300FC4C9A /* Views */ = {
			isa = PBXGroup;
			children = (
				267A9A5A2C066E370039A4F3 /* DestinationDetailScreenView.swift */,
			);
			path = Views;
			sourceTree = "<group>";
		};
		266AB0902C07989500FC4C9A /* ViewModels */ = {
			isa = PBXGroup;
			children = (
				267A9A5C2C066E4A0039A4F3 /* DestinationDetailScreenViewModel.swift */,
			);
			path = ViewModels;
			sourceTree = "<group>";
		};
		266AB0912C0798B600FC4C9A /* MainScene */ = {
			isa = PBXGroup;
			children = (
				266AB08A2C07966500FC4C9A /* SubViews */,
				266AB08F2C07988300FC4C9A /* Views */,
				266AB0902C07989500FC4C9A /* ViewModels */,
			);
			path = MainScene;
			sourceTree = "<group>";
		};
		266AB09E2C07A68100FC4C9A /* ViewModel */ = {
			isa = PBXGroup;
			children = (
				266AB09F2C07A69000FC4C9A /* MustSeeViewModel.swift */,
			);
			path = ViewModel;
			sourceTree = "<group>";
		};
		266AB0A12C07A69800FC4C9A /* HotelsViewModel */ = {
			isa = PBXGroup;
			children = (
				266AB0A62C07A6C700FC4C9A /* HotelsViewModel.swift */,
			);
			path = HotelsViewModel;
			sourceTree = "<group>";
		};
		266AB0A22C07A6A200FC4C9A /* TransportViewModel */ = {
			isa = PBXGroup;
			children = (
				266AB0A32C07A6B000FC4C9A /* TransportViewModel.swift */,
			);
			path = TransportViewModel;
			sourceTree = "<group>";
		};
		267A9A332C066D410039A4F3 = {
			isa = PBXGroup;
			children = (
				267A9A3E2C066D410039A4F3 /* TravelApp */,
				267A9A3D2C066D410039A4F3 /* Products */,
			);
			sourceTree = "<group>";
		};
		267A9A3D2C066D410039A4F3 /* Products */ = {
			isa = PBXGroup;
			children = (
				267A9A3C2C066D410039A4F3 /* TravelApp.app */,
			);
			name = Products;
			sourceTree = "<group>";
		};
		267A9A3E2C066D410039A4F3 /* TravelApp */ = {
			isa = PBXGroup;
			children = (
				267A9A4E2C066D600039A4F3 /* App */,
				266AB0752C06910600FC4C9A /* NetworkService */,
				267A9A5F2C068D9D0039A4F3 /* Models */,
				267A9A4F2C066D6A0039A4F3 /* Scenes */,
				267A9A4D2C066D520039A4F3 /* Resources */,
				267A9A452C066D430039A4F3 /* Preview Content */,
			);
			path = TravelApp;
			sourceTree = "<group>";
		};
		267A9A452C066D430039A4F3 /* Preview Content */ = {
			isa = PBXGroup;
			children = (
				267A9A462C066D430039A4F3 /* Preview Assets.xcassets */,
			);
			path = "Preview Content";
			sourceTree = "<group>";
		};
		267A9A4D2C066D520039A4F3 /* Resources */ = {
			isa = PBXGroup;
			children = (
				267A9A432C066D430039A4F3 /* Assets.xcassets */,
			);
			path = Resources;
			sourceTree = "<group>";
		};
		267A9A4E2C066D600039A4F3 /* App */ = {
			isa = PBXGroup;
			children = (
				267A9A3F2C066D410039A4F3 /* TravelAppApp.swift */,
			);
			path = App;
			sourceTree = "<group>";
		};
		267A9A4F2C066D6A0039A4F3 /* Scenes */ = {
			isa = PBXGroup;
			children = (
				267A9A512C066D840039A4F3 /* DestinationDetailScreen */,
				267A9A502C066D760039A4F3 /* MainScreenView */,
			);
			path = Scenes;
			sourceTree = "<group>";
		};
		267A9A502C066D760039A4F3 /* MainScreenView */ = {
			isa = PBXGroup;
			children = (
				266AB0782C0694EA00FC4C9A /* MainView */,
			);
			path = MainScreenView;
			sourceTree = "<group>";
		};
		267A9A512C066D840039A4F3 /* DestinationDetailScreen */ = {
			isa = PBXGroup;
			children = (
				266AB0912C0798B600FC4C9A /* MainScene */,
				267A9A5E2C066E4E0039A4F3 /* NavigationStackViews */,
			);
			path = DestinationDetailScreen;
			sourceTree = "<group>";
		};
		267A9A522C066DAE0039A4F3 /* TransportView */ = {
			isa = PBXGroup;
			children = (
				266AB0A22C07A6A200FC4C9A /* TransportViewModel */,
				266AB0962C07A0D000FC4C9A /* TransportView.swift */,
			);
			path = TransportView;
			sourceTree = "<group>";
		};
		267A9A532C066DBA0039A4F3 /* MustSeeView */ = {
			isa = PBXGroup;
			children = (
				266AB09E2C07A68100FC4C9A /* ViewModel */,
				266AB0942C07A0C000FC4C9A /* MustSeeView.swift */,
			);
			path = MustSeeView;
			sourceTree = "<group>";
		};
		267A9A542C066DC50039A4F3 /* HotelsView */ = {
			isa = PBXGroup;
			children = (
				266AB0A12C07A69800FC4C9A /* HotelsViewModel */,
				266AB0922C07A0B500FC4C9A /* HotelsView.swift */,
			);
			path = HotelsView;
			sourceTree = "<group>";
		};
		267A9A5E2C066E4E0039A4F3 /* NavigationStackViews */ = {
			isa = PBXGroup;
			children = (
				267A9A542C066DC50039A4F3 /* HotelsView */,
				267A9A532C066DBA0039A4F3 /* MustSeeView */,
				267A9A522C066DAE0039A4F3 /* TransportView */,
			);
			path = NavigationStackViews;
			sourceTree = "<group>";
		};
		267A9A5F2C068D9D0039A4F3 /* Models */ = {
			isa = PBXGroup;
			children = (
				267A9A602C068DB40039A4F3 /* CountryModelForMainView.swift */,
				266AB0882C07782100FC4C9A /* RandomTipsResponse.swift */,
				266AB0982C07A58100FC4C9A /* HotelsModel.swift */,
				266AB09A2C07A59300FC4C9A /* MustSeesModel.swift */,
				266AB09C2C07A5A500FC4C9A /* TransportsModel.swift */,
			);
			path = Models;
			sourceTree = "<group>";
		};
/* End PBXGroup section */

/* Begin PBXNativeTarget section */
		267A9A3B2C066D410039A4F3 /* TravelApp */ = {
			isa = PBXNativeTarget;
			buildConfigurationList = 267A9A4A2C066D430039A4F3 /* Build configuration list for PBXNativeTarget "TravelApp" */;
			buildPhases = (
				267A9A382C066D410039A4F3 /* Sources */,
				267A9A392C066D410039A4F3 /* Frameworks */,
				267A9A3A2C066D410039A4F3 /* Resources */,
			);
			buildRules = (
			);
			dependencies = (
			);
			name = TravelApp;
			productName = TravelApp;
			productReference = 267A9A3C2C066D410039A4F3 /* TravelApp.app */;
			productType = "com.apple.product-type.application";
		};
/* End PBXNativeTarget section */

/* Begin PBXProject section */
		267A9A342C066D410039A4F3 /* Project object */ = {
			isa = PBXProject;
			attributes = {
				BuildIndependentTargetsInParallel = 1;
				LastSwiftUpdateCheck = 1540;
				LastUpgradeCheck = 1540;
				TargetAttributes = {
					267A9A3B2C066D410039A4F3 = {
						CreatedOnToolsVersion = 15.4;
					};
				};
			};
			buildConfigurationList = 267A9A372C066D410039A4F3 /* Build configuration list for PBXProject "TravelApp" */;
			compatibilityVersion = "Xcode 14.0";
			developmentRegion = en;
			hasScannedForEncodings = 0;
			knownRegions = (
				en,
				Base,
			);
			mainGroup = 267A9A332C066D410039A4F3;
			packageReferences = (
				267A9A622C068ED80039A4F3 /* XCLocalSwiftPackageReference "../../Packages" */,
				267A9A632C068F480039A4F3 /* XCLocalSwiftPackageReference "../../Packages/NetworkServicePackages" */,
			);
			productRefGroup = 267A9A3D2C066D410039A4F3 /* Products */;
			projectDirPath = "";
			projectRoot = "";
			targets = (
				267A9A3B2C066D410039A4F3 /* TravelApp */,
			);
		};
/* End PBXProject section */

/* Begin PBXResourcesBuildPhase section */
		267A9A3A2C066D410039A4F3 /* Resources */ = {
			isa = PBXResourcesBuildPhase;
			buildActionMask = 2147483647;
			files = (
				267A9A472C066D430039A4F3 /* Preview Assets.xcassets in Resources */,
				267A9A442C066D430039A4F3 /* Assets.xcassets in Resources */,
			);
			runOnlyForDeploymentPostprocessing = 0;
		};
/* End PBXResourcesBuildPhase section */

/* Begin PBXSourcesBuildPhase section */
		267A9A382C066D410039A4F3 /* Sources */ = {
			isa = PBXSourcesBuildPhase;
			buildActionMask = 2147483647;
			files = (
				267A9A5D2C066E4A0039A4F3 /* DestinationDetailScreenViewModel.swift in Sources */,
				266AB0852C07616800FC4C9A /* ListView.swift in Sources */,
				266AB09B2C07A59300FC4C9A /* MustSeesModel.swift in Sources */,
				266AB07E2C074D4D00FC4C9A /* ImageLoader.swift in Sources */,
				266AB0932C07A0B500FC4C9A /* HotelsView.swift in Sources */,
				266AB0892C07782100FC4C9A /* RandomTipsResponse.swift in Sources */,
				266AB0A42C07A6B000FC4C9A /* TransportViewModel.swift in Sources */,
				266AB07C2C06953800FC4C9A /* MainScreenViewModel.swift in Sources */,
				266AB0972C07A0D000FC4C9A /* TransportView.swift in Sources */,
				266AB08E2C07984600FC4C9A /* LargeImageLoadingView.swift in Sources */,
				266AB0872C07780E00FC4C9A /* RandomTipsViewModel.swift in Sources */,
				266AB0992C07A58100FC4C9A /* HotelsModel.swift in Sources */,
				267A9A612C068DB40039A4F3 /* CountryModelForMainView.swift in Sources */,
				266AB0A72C07A6C700FC4C9A /* HotelsViewModel.swift in Sources */,
				267A9A5B2C066E370039A4F3 /* DestinationDetailScreenView.swift in Sources */,
				267A9A572C066E170039A4F3 /* MainScreenView.swift in Sources */,
				266AB0952C07A0C000FC4C9A /* MustSeeView.swift in Sources */,
				267A9A402C066D410039A4F3 /* TravelAppApp.swift in Sources */,
				266AB09D2C07A5A500FC4C9A /* TransportsModel.swift in Sources */,
				266AB0832C075DDF00FC4C9A /* ImageLoadingView.swift in Sources */,
				266AB0772C06911F00FC4C9A /* NetworkService.swift in Sources */,
				266AB0A02C07A69000FC4C9A /* MustSeeViewModel.swift in Sources */,
			);
			runOnlyForDeploymentPostprocessing = 0;
		};
/* End PBXSourcesBuildPhase section */

/* Begin XCBuildConfiguration section */
		267A9A482C066D430039A4F3 /* Debug */ = {
			isa = XCBuildConfiguration;
			buildSettings = {
				ALWAYS_SEARCH_USER_PATHS = NO;
				ASSETCATALOG_COMPILER_GENERATE_SWIFT_ASSET_SYMBOL_EXTENSIONS = YES;
				CLANG_ANALYZER_NONNULL = YES;
				CLANG_ANALYZER_NUMBER_OBJECT_CONVERSION = YES_AGGRESSIVE;
				CLANG_CXX_LANGUAGE_STANDARD = "gnu++20";
				CLANG_ENABLE_MODULES = YES;
				CLANG_ENABLE_OBJC_ARC = YES;
				CLANG_ENABLE_OBJC_WEAK = YES;
				CLANG_WARN_BLOCK_CAPTURE_AUTORELEASING = YES;
				CLANG_WARN_BOOL_CONVERSION = YES;
				CLANG_WARN_COMMA = YES;
				CLANG_WARN_CONSTANT_CONVERSION = YES;
				CLANG_WARN_DEPRECATED_OBJC_IMPLEMENTATIONS = YES;
				CLANG_WARN_DIRECT_OBJC_ISA_USAGE = YES_ERROR;
				CLANG_WARN_DOCUMENTATION_COMMENTS = YES;
				CLANG_WARN_EMPTY_BODY = YES;
				CLANG_WARN_ENUM_CONVERSION = YES;
				CLANG_WARN_INFINITE_RECURSION = YES;
				CLANG_WARN_INT_CONVERSION = YES;
				CLANG_WARN_NON_LITERAL_NULL_CONVERSION = YES;
				CLANG_WARN_OBJC_IMPLICIT_RETAIN_SELF = YES;
				CLANG_WARN_OBJC_LITERAL_CONVERSION = YES;
				CLANG_WARN_OBJC_ROOT_CLASS = YES_ERROR;
				CLANG_WARN_QUOTED_INCLUDE_IN_FRAMEWORK_HEADER = YES;
				CLANG_WARN_RANGE_LOOP_ANALYSIS = YES;
				CLANG_WARN_STRICT_PROTOTYPES = YES;
				CLANG_WARN_SUSPICIOUS_MOVE = YES;
				CLANG_WARN_UNGUARDED_AVAILABILITY = YES_AGGRESSIVE;
				CLANG_WARN_UNREACHABLE_CODE = YES;
				CLANG_WARN__DUPLICATE_METHOD_MATCH = YES;
				COPY_PHASE_STRIP = NO;
				DEBUG_INFORMATION_FORMAT = dwarf;
				ENABLE_STRICT_OBJC_MSGSEND = YES;
				ENABLE_TESTABILITY = YES;
				ENABLE_USER_SCRIPT_SANDBOXING = YES;
				GCC_C_LANGUAGE_STANDARD = gnu17;
				GCC_DYNAMIC_NO_PIC = NO;
				GCC_NO_COMMON_BLOCKS = YES;
				GCC_OPTIMIZATION_LEVEL = 0;
				GCC_PREPROCESSOR_DEFINITIONS = (
					"DEBUG=1",
					"$(inherited)",
				);
				GCC_WARN_64_TO_32_BIT_CONVERSION = YES;
				GCC_WARN_ABOUT_RETURN_TYPE = YES_ERROR;
				GCC_WARN_UNDECLARED_SELECTOR = YES;
				GCC_WARN_UNINITIALIZED_AUTOS = YES_AGGRESSIVE;
				GCC_WARN_UNUSED_FUNCTION = YES;
				GCC_WARN_UNUSED_VARIABLE = YES;
				IPHONEOS_DEPLOYMENT_TARGET = 17.5;
				LOCALIZATION_PREFERS_STRING_CATALOGS = YES;
				MTL_ENABLE_DEBUG_INFO = INCLUDE_SOURCE;
				MTL_FAST_MATH = YES;
				ONLY_ACTIVE_ARCH = YES;
				SDKROOT = iphoneos;
				SWIFT_ACTIVE_COMPILATION_CONDITIONS = "DEBUG $(inherited)";
				SWIFT_OPTIMIZATION_LEVEL = "-Onone";
			};
			name = Debug;
		};
		267A9A492C066D430039A4F3 /* Release */ = {
			isa = XCBuildConfiguration;
			buildSettings = {
				ALWAYS_SEARCH_USER_PATHS = NO;
				ASSETCATALOG_COMPILER_GENERATE_SWIFT_ASSET_SYMBOL_EXTENSIONS = YES;
				CLANG_ANALYZER_NONNULL = YES;
				CLANG_ANALYZER_NUMBER_OBJECT_CONVERSION = YES_AGGRESSIVE;
				CLANG_CXX_LANGUAGE_STANDARD = "gnu++20";
				CLANG_ENABLE_MODULES = YES;
				CLANG_ENABLE_OBJC_ARC = YES;
				CLANG_ENABLE_OBJC_WEAK = YES;
				CLANG_WARN_BLOCK_CAPTURE_AUTORELEASING = YES;
				CLANG_WARN_BOOL_CONVERSION = YES;
				CLANG_WARN_COMMA = YES;
				CLANG_WARN_CONSTANT_CONVERSION = YES;
				CLANG_WARN_DEPRECATED_OBJC_IMPLEMENTATIONS = YES;
				CLANG_WARN_DIRECT_OBJC_ISA_USAGE = YES_ERROR;
				CLANG_WARN_DOCUMENTATION_COMMENTS = YES;
				CLANG_WARN_EMPTY_BODY = YES;
				CLANG_WARN_ENUM_CONVERSION = YES;
				CLANG_WARN_INFINITE_RECURSION = YES;
				CLANG_WARN_INT_CONVERSION = YES;
				CLANG_WARN_NON_LITERAL_NULL_CONVERSION = YES;
				CLANG_WARN_OBJC_IMPLICIT_RETAIN_SELF = YES;
				CLANG_WARN_OBJC_LITERAL_CONVERSION = YES;
				CLANG_WARN_OBJC_ROOT_CLASS = YES_ERROR;
				CLANG_WARN_QUOTED_INCLUDE_IN_FRAMEWORK_HEADER = YES;
				CLANG_WARN_RANGE_LOOP_ANALYSIS = YES;
				CLANG_WARN_STRICT_PROTOTYPES = YES;
				CLANG_WARN_SUSPICIOUS_MOVE = YES;
				CLANG_WARN_UNGUARDED_AVAILABILITY = YES_AGGRESSIVE;
				CLANG_WARN_UNREACHABLE_CODE = YES;
				CLANG_WARN__DUPLICATE_METHOD_MATCH = YES;
				COPY_PHASE_STRIP = NO;
				DEBUG_INFORMATION_FORMAT = "dwarf-with-dsym";
				ENABLE_NS_ASSERTIONS = NO;
				ENABLE_STRICT_OBJC_MSGSEND = YES;
				ENABLE_USER_SCRIPT_SANDBOXING = YES;
				GCC_C_LANGUAGE_STANDARD = gnu17;
				GCC_NO_COMMON_BLOCKS = YES;
				GCC_WARN_64_TO_32_BIT_CONVERSION = YES;
				GCC_WARN_ABOUT_RETURN_TYPE = YES_ERROR;
				GCC_WARN_UNDECLARED_SELECTOR = YES;
				GCC_WARN_UNINITIALIZED_AUTOS = YES_AGGRESSIVE;
				GCC_WARN_UNUSED_FUNCTION = YES;
				GCC_WARN_UNUSED_VARIABLE = YES;
				IPHONEOS_DEPLOYMENT_TARGET = 17.5;
				LOCALIZATION_PREFERS_STRING_CATALOGS = YES;
				MTL_ENABLE_DEBUG_INFO = NO;
				MTL_FAST_MATH = YES;
				SDKROOT = iphoneos;
				SWIFT_COMPILATION_MODE = wholemodule;
				VALIDATE_PRODUCT = YES;
			};
			name = Release;
		};
		267A9A4B2C066D430039A4F3 /* Debug */ = {
			isa = XCBuildConfiguration;
			buildSettings = {
				ASSETCATALOG_COMPILER_APPICON_NAME = AppIcon;
				ASSETCATALOG_COMPILER_GLOBAL_ACCENT_COLOR_NAME = AccentColor;
				CODE_SIGN_STYLE = Automatic;
				CURRENT_PROJECT_VERSION = 1;
				DEVELOPMENT_ASSET_PATHS = "\"TravelApp/Preview Content\"";
				DEVELOPMENT_TEAM = R6XNAQSMZ9;
				ENABLE_PREVIEWS = YES;
				GENERATE_INFOPLIST_FILE = YES;
				INFOPLIST_KEY_UIApplicationSceneManifest_Generation = YES;
				INFOPLIST_KEY_UIApplicationSupportsIndirectInputEvents = YES;
				INFOPLIST_KEY_UILaunchScreen_Generation = YES;
				INFOPLIST_KEY_UISupportedInterfaceOrientations_iPad = "UIInterfaceOrientationPortrait UIInterfaceOrientationPortraitUpsideDown UIInterfaceOrientationLandscapeLeft UIInterfaceOrientationLandscapeRight";
				INFOPLIST_KEY_UISupportedInterfaceOrientations_iPhone = "UIInterfaceOrientationPortrait UIInterfaceOrientationLandscapeLeft UIInterfaceOrientationLandscapeRight";
				LD_RUNPATH_SEARCH_PATHS = (
					"$(inherited)",
					"@executable_path/Frameworks",
				);
				MARKETING_VERSION = 1.0;
				PRODUCT_BUNDLE_IDENTIFIER = ge.chit.TravelApp;
				PRODUCT_NAME = "$(TARGET_NAME)";
				SWIFT_EMIT_LOC_STRINGS = YES;
				SWIFT_VERSION = 5.0;
				TARGETED_DEVICE_FAMILY = "1,2";
			};
			name = Debug;
		};
		267A9A4C2C066D430039A4F3 /* Release */ = {
			isa = XCBuildConfiguration;
			buildSettings = {
				ASSETCATALOG_COMPILER_APPICON_NAME = AppIcon;
				ASSETCATALOG_COMPILER_GLOBAL_ACCENT_COLOR_NAME = AccentColor;
				CODE_SIGN_STYLE = Automatic;
				CURRENT_PROJECT_VERSION = 1;
				DEVELOPMENT_ASSET_PATHS = "\"TravelApp/Preview Content\"";
				DEVELOPMENT_TEAM = R6XNAQSMZ9;
				ENABLE_PREVIEWS = YES;
				GENERATE_INFOPLIST_FILE = YES;
				INFOPLIST_KEY_UIApplicationSceneManifest_Generation = YES;
				INFOPLIST_KEY_UIApplicationSupportsIndirectInputEvents = YES;
				INFOPLIST_KEY_UILaunchScreen_Generation = YES;
				INFOPLIST_KEY_UISupportedInterfaceOrientations_iPad = "UIInterfaceOrientationPortrait UIInterfaceOrientationPortraitUpsideDown UIInterfaceOrientationLandscapeLeft UIInterfaceOrientationLandscapeRight";
				INFOPLIST_KEY_UISupportedInterfaceOrientations_iPhone = "UIInterfaceOrientationPortrait UIInterfaceOrientationLandscapeLeft UIInterfaceOrientationLandscapeRight";
				LD_RUNPATH_SEARCH_PATHS = (
					"$(inherited)",
					"@executable_path/Frameworks",
				);
				MARKETING_VERSION = 1.0;
				PRODUCT_BUNDLE_IDENTIFIER = ge.chit.TravelApp;
				PRODUCT_NAME = "$(TARGET_NAME)";
				SWIFT_EMIT_LOC_STRINGS = YES;
				SWIFT_VERSION = 5.0;
				TARGETED_DEVICE_FAMILY = "1,2";
			};
			name = Release;
		};
/* End XCBuildConfiguration section */

/* Begin XCConfigurationList section */
		267A9A372C066D410039A4F3 /* Build configuration list for PBXProject "TravelApp" */ = {
			isa = XCConfigurationList;
			buildConfigurations = (
				267A9A482C066D430039A4F3 /* Debug */,
				267A9A492C066D430039A4F3 /* Release */,
			);
			defaultConfigurationIsVisible = 0;
			defaultConfigurationName = Release;
		};
		267A9A4A2C066D430039A4F3 /* Build configuration list for PBXNativeTarget "TravelApp" */ = {
			isa = XCConfigurationList;
			buildConfigurations = (
				267A9A4B2C066D430039A4F3 /* Debug */,
				267A9A4C2C066D430039A4F3 /* Release */,
			);
			defaultConfigurationIsVisible = 0;
			defaultConfigurationName = Release;
		};
/* End XCConfigurationList section */

/* Begin XCLocalSwiftPackageReference section */
		267A9A622C068ED80039A4F3 /* XCLocalSwiftPackageReference "../../Packages" */ = {
			isa = XCLocalSwiftPackageReference;
			relativePath = ../../Packages;
		};
		267A9A632C068F480039A4F3 /* XCLocalSwiftPackageReference "../../Packages/NetworkServicePackages" */ = {
			isa = XCLocalSwiftPackageReference;
			relativePath = ../../Packages/NetworkServicePackages;
		};
/* End XCLocalSwiftPackageReference section */
	};
	rootObject = 267A9A342C066D410039A4F3 /* Project object */;
}
