// !$*UTF8*$!
{
	archiveVersion = 1;
	classes = {
	};
	objectVersion = 56;
	objects = {

/* Begin PBXBuildFile section */
		26D4494D2BFD37BA009D6ED8 /* SwiftUIExerciseFirstApp.swift in Sources */ = {isa = PBXBuildFile; fileRef = 26D4494C2BFD37BA009D6ED8 /* SwiftUIExerciseFirstApp.swift */; };
		26D4494F2BFD37BA009D6ED8 /* ContentView.swift in Sources */ = {isa = PBXBuildFile; fileRef = 26D4494E2BFD37BA009D6ED8 /* ContentView.swift */; };
		26D449512BFD37BD009D6ED8 /* Assets.xcassets in Resources */ = {isa = PBXBuildFile; fileRef = 26D449502BFD37BD009D6ED8 /* Assets.xcassets */; };
		26D449542BFD37BD009D6ED8 /* Preview Assets.xcassets in Resources */ = {isa = PBXBuildFile; fileRef = 26D449532BFD37BD009D6ED8 /* Preview Assets.xcassets */; };
		26D4495E2BFD3F7A009D6ED8 /* MusicView.swift in Sources */ = {isa = PBXBuildFile; fileRef = 26D4495D2BFD3F7A009D6ED8 /* MusicView.swift */; };
		26D449612BFD54BF009D6ED8 /* MessageView.swift in Sources */ = {isa = PBXBuildFile; fileRef = 26D449602BFD54BF009D6ED8 /* MessageView.swift */; };
		26D449632BFD5B86009D6ED8 /* NewsView.swift in Sources */ = {isa = PBXBuildFile; fileRef = 26D449622BFD5B86009D6ED8 /* NewsView.swift */; };
		26D449652BFD754D009D6ED8 /* ListView.swift in Sources */ = {isa = PBXBuildFile; fileRef = 26D449642BFD754D009D6ED8 /* ListView.swift */; };
/* End PBXBuildFile section */

/* Begin PBXFileReference section */
		26D449492BFD37BA009D6ED8 /* SwiftUIExerciseFirst.app */ = {isa = PBXFileReference; explicitFileType = wrapper.application; includeInIndex = 0; path = SwiftUIExerciseFirst.app; sourceTree = BUILT_PRODUCTS_DIR; };
		26D4494C2BFD37BA009D6ED8 /* SwiftUIExerciseFirstApp.swift */ = {isa = PBXFileReference; lastKnownFileType = sourcecode.swift; path = SwiftUIExerciseFirstApp.swift; sourceTree = "<group>"; };
		26D4494E2BFD37BA009D6ED8 /* ContentView.swift */ = {isa = PBXFileReference; lastKnownFileType = sourcecode.swift; path = ContentView.swift; sourceTree = "<group>"; };
		26D449502BFD37BD009D6ED8 /* Assets.xcassets */ = {isa = PBXFileReference; lastKnownFileType = folder.assetcatalog; path = Assets.xcassets; sourceTree = "<group>"; };
		26D449532BFD37BD009D6ED8 /* Preview Assets.xcassets */ = {isa = PBXFileReference; lastKnownFileType = folder.assetcatalog; path = "Preview Assets.xcassets"; sourceTree = "<group>"; };
		26D4495D2BFD3F7A009D6ED8 /* MusicView.swift */ = {isa = PBXFileReference; lastKnownFileType = sourcecode.swift; path = MusicView.swift; sourceTree = "<group>"; };
		26D449602BFD54BF009D6ED8 /* MessageView.swift */ = {isa = PBXFileReference; lastKnownFileType = sourcecode.swift; path = MessageView.swift; sourceTree = "<group>"; };
		26D449622BFD5B86009D6ED8 /* NewsView.swift */ = {isa = PBXFileReference; lastKnownFileType = sourcecode.swift; path = NewsView.swift; sourceTree = "<group>"; };
		26D449642BFD754D009D6ED8 /* ListView.swift */ = {isa = PBXFileReference; lastKnownFileType = sourcecode.swift; path = ListView.swift; sourceTree = "<group>"; };
/* End PBXFileReference section */

/* Begin PBXFrameworksBuildPhase section */
		26D449462BFD37BA009D6ED8 /* Frameworks */ = {
			isa = PBXFrameworksBuildPhase;
			buildActionMask = 2147483647;
			files = (
			);
			runOnlyForDeploymentPostprocessing = 0;
		};
/* End PBXFrameworksBuildPhase section */

/* Begin PBXGroup section */
		2673016C2BFE458F0026633D /* Model */ = {
			isa = PBXGroup;
			children = (
			);
			path = Model;
			sourceTree = "<group>";
		};
		26D449402BFD37BA009D6ED8 = {
			isa = PBXGroup;
			children = (
				26D4494B2BFD37BA009D6ED8 /* SwiftUIExerciseFirst */,
				26D4494A2BFD37BA009D6ED8 /* Products */,
			);
			sourceTree = "<group>";
		};
		26D4494A2BFD37BA009D6ED8 /* Products */ = {
			isa = PBXGroup;
			children = (
				26D449492BFD37BA009D6ED8 /* SwiftUIExerciseFirst.app */,
			);
			name = Products;
			sourceTree = "<group>";
		};
		26D4494B2BFD37BA009D6ED8 /* SwiftUIExerciseFirst */ = {
			isa = PBXGroup;
			children = (
				26D4495A2BFD397A009D6ED8 /* App */,
				2673016C2BFE458F0026633D /* Model */,
				26D4495B2BFD3984009D6ED8 /* Scenes */,
				26D4495C2BFD3993009D6ED8 /* Supporting */,
			);
			path = SwiftUIExerciseFirst;
			sourceTree = "<group>";
		};
		26D449522BFD37BD009D6ED8 /* Preview Content */ = {
			isa = PBXGroup;
			children = (
				26D449532BFD37BD009D6ED8 /* Preview Assets.xcassets */,
			);
			path = "Preview Content";
			sourceTree = "<group>";
		};
		26D4495A2BFD397A009D6ED8 /* App */ = {
			isa = PBXGroup;
			children = (
				26D4494C2BFD37BA009D6ED8 /* SwiftUIExerciseFirstApp.swift */,
			);
			path = App;
			sourceTree = "<group>";
		};
		26D4495B2BFD3984009D6ED8 /* Scenes */ = {
			isa = PBXGroup;
			children = (
				26D4494E2BFD37BA009D6ED8 /* ContentView.swift */,
				26D4495F2BFD54A8009D6ED8 /* Subviews */,
			);
			path = Scenes;
			sourceTree = "<group>";
		};
		26D4495C2BFD3993009D6ED8 /* Supporting */ = {
			isa = PBXGroup;
			children = (
				26D449502BFD37BD009D6ED8 /* Assets.xcassets */,
				26D449522BFD37BD009D6ED8 /* Preview Content */,
			);
			path = Supporting;
			sourceTree = "<group>";
		};
		26D4495F2BFD54A8009D6ED8 /* Subviews */ = {
			isa = PBXGroup;
			children = (
				26D4495D2BFD3F7A009D6ED8 /* MusicView.swift */,
				26D449602BFD54BF009D6ED8 /* MessageView.swift */,
				26D449622BFD5B86009D6ED8 /* NewsView.swift */,
				26D449642BFD754D009D6ED8 /* ListView.swift */,
			);
			path = Subviews;
			sourceTree = "<group>";
		};
/* End PBXGroup section */

/* Begin PBXNativeTarget section */
		26D449482BFD37BA009D6ED8 /* SwiftUIExerciseFirst */ = {
			isa = PBXNativeTarget;
			buildConfigurationList = 26D449572BFD37BD009D6ED8 /* Build configuration list for PBXNativeTarget "SwiftUIExerciseFirst" */;
			buildPhases = (
				26D449452BFD37BA009D6ED8 /* Sources */,
				26D449462BFD37BA009D6ED8 /* Frameworks */,
				26D449472BFD37BA009D6ED8 /* Resources */,
			);
			buildRules = (
			);
			dependencies = (
			);
			name = SwiftUIExerciseFirst;
			productName = SwiftUIExerciseFirst;
			productReference = 26D449492BFD37BA009D6ED8 /* SwiftUIExerciseFirst.app */;
			productType = "com.apple.product-type.application";
		};
/* End PBXNativeTarget section */

/* Begin PBXProject section */
		26D449412BFD37BA009D6ED8 /* Project object */ = {
			isa = PBXProject;
			attributes = {
				BuildIndependentTargetsInParallel = 1;
				LastSwiftUpdateCheck = 1540;
				LastUpgradeCheck = 1540;
				TargetAttributes = {
					26D449482BFD37BA009D6ED8 = {
						CreatedOnToolsVersion = 15.4;
					};
				};
			};
			buildConfigurationList = 26D449442BFD37BA009D6ED8 /* Build configuration list for PBXProject "SwiftUIExerciseFirst" */;
			compatibilityVersion = "Xcode 14.0";
			developmentRegion = en;
			hasScannedForEncodings = 0;
			knownRegions = (
				en,
				Base,
			);
			mainGroup = 26D449402BFD37BA009D6ED8;
			productRefGroup = 26D4494A2BFD37BA009D6ED8 /* Products */;
			projectDirPath = "";
			projectRoot = "";
			targets = (
				26D449482BFD37BA009D6ED8 /* SwiftUIExerciseFirst */,
			);
		};
/* End PBXProject section */

/* Begin PBXResourcesBuildPhase section */
		26D449472BFD37BA009D6ED8 /* Resources */ = {
			isa = PBXResourcesBuildPhase;
			buildActionMask = 2147483647;
			files = (
				26D449542BFD37BD009D6ED8 /* Preview Assets.xcassets in Resources */,
				26D449512BFD37BD009D6ED8 /* Assets.xcassets in Resources */,
			);
			runOnlyForDeploymentPostprocessing = 0;
		};
/* End PBXResourcesBuildPhase section */

/* Begin PBXSourcesBuildPhase section */
		26D449452BFD37BA009D6ED8 /* Sources */ = {
			isa = PBXSourcesBuildPhase;
			buildActionMask = 2147483647;
			files = (
				26D449612BFD54BF009D6ED8 /* MessageView.swift in Sources */,
				26D4494F2BFD37BA009D6ED8 /* ContentView.swift in Sources */,
				26D449652BFD754D009D6ED8 /* ListView.swift in Sources */,
				26D4495E2BFD3F7A009D6ED8 /* MusicView.swift in Sources */,
				26D449632BFD5B86009D6ED8 /* NewsView.swift in Sources */,
				26D4494D2BFD37BA009D6ED8 /* SwiftUIExerciseFirstApp.swift in Sources */,
			);
			runOnlyForDeploymentPostprocessing = 0;
		};
/* End PBXSourcesBuildPhase section */

/* Begin XCBuildConfiguration section */
		26D449552BFD37BD009D6ED8 /* Debug */ = {
			isa = XCBuildConfiguration;
			buildSettings = {
				ALWAYS_SEARCH_USER_PATHS = NO;
				ASSETCATALOG_COMPILER_GENERATE_SWIFT_ASSET_SYMBOL_EXTENSIONS = YES;
				CLANG_ANALYZER_NONNULL = YES;
				CLANG_ANALYZER_NUMBER_OBJECT_CONVERSION = YES_AGGRESSIVE;
				CLANG_CXX_LANGUAGE_STANDARD = "gnu++20";
				CLANG_ENABLE_MODULES = YES;
				CLANG_ENABLE_OBJC_ARC = YES;
				CLANG_ENABLE_OBJC_WEAK = YES;
				CLANG_WARN_BLOCK_CAPTURE_AUTORELEASING = YES;
				CLANG_WARN_BOOL_CONVERSION = YES;
				CLANG_WARN_COMMA = YES;
				CLANG_WARN_CONSTANT_CONVERSION = YES;
				CLANG_WARN_DEPRECATED_OBJC_IMPLEMENTATIONS = YES;
				CLANG_WARN_DIRECT_OBJC_ISA_USAGE = YES_ERROR;
				CLANG_WARN_DOCUMENTATION_COMMENTS = YES;
				CLANG_WARN_EMPTY_BODY = YES;
				CLANG_WARN_ENUM_CONVERSION = YES;
				CLANG_WARN_INFINITE_RECURSION = YES;
				CLANG_WARN_INT_CONVERSION = YES;
				CLANG_WARN_NON_LITERAL_NULL_CONVERSION = YES;
				CLANG_WARN_OBJC_IMPLICIT_RETAIN_SELF = YES;
				CLANG_WARN_OBJC_LITERAL_CONVERSION = YES;
				CLANG_WARN_OBJC_ROOT_CLASS = YES_ERROR;
				CLANG_WARN_QUOTED_INCLUDE_IN_FRAMEWORK_HEADER = YES;
				CLANG_WARN_RANGE_LOOP_ANALYSIS = YES;
				CLANG_WARN_STRICT_PROTOTYPES = YES;
				CLANG_WARN_SUSPICIOUS_MOVE = YES;
				CLANG_WARN_UNGUARDED_AVAILABILITY = YES_AGGRESSIVE;
				CLANG_WARN_UNREACHABLE_CODE = YES;
				CLANG_WARN__DUPLICATE_METHOD_MATCH = YES;
				COPY_PHASE_STRIP = NO;
				DEBUG_INFORMATION_FORMAT = dwarf;
				ENABLE_STRICT_OBJC_MSGSEND = YES;
				ENABLE_TESTABILITY = YES;
				ENABLE_USER_SCRIPT_SANDBOXING = YES;
				GCC_C_LANGUAGE_STANDARD = gnu17;
				GCC_DYNAMIC_NO_PIC = NO;
				GCC_NO_COMMON_BLOCKS = YES;
				GCC_OPTIMIZATION_LEVEL = 0;
				GCC_PREPROCESSOR_DEFINITIONS = (
					"DEBUG=1",
					"$(inherited)",
				);
				GCC_WARN_64_TO_32_BIT_CONVERSION = YES;
				GCC_WARN_ABOUT_RETURN_TYPE = YES_ERROR;
				GCC_WARN_UNDECLARED_SELECTOR = YES;
				GCC_WARN_UNINITIALIZED_AUTOS = YES_AGGRESSIVE;
				GCC_WARN_UNUSED_FUNCTION = YES;
				GCC_WARN_UNUSED_VARIABLE = YES;
				IPHONEOS_DEPLOYMENT_TARGET = 17.5;
				LOCALIZATION_PREFERS_STRING_CATALOGS = YES;
				MTL_ENABLE_DEBUG_INFO = INCLUDE_SOURCE;
				MTL_FAST_MATH = YES;
				ONLY_ACTIVE_ARCH = YES;
				SDKROOT = iphoneos;
				SWIFT_ACTIVE_COMPILATION_CONDITIONS = "DEBUG $(inherited)";
				SWIFT_OPTIMIZATION_LEVEL = "-Onone";
			};
			name = Debug;
		};
		26D449562BFD37BD009D6ED8 /* Release */ = {
			isa = XCBuildConfiguration;
			buildSettings = {
				ALWAYS_SEARCH_USER_PATHS = NO;
				ASSETCATALOG_COMPILER_GENERATE_SWIFT_ASSET_SYMBOL_EXTENSIONS = YES;
				CLANG_ANALYZER_NONNULL = YES;
				CLANG_ANALYZER_NUMBER_OBJECT_CONVERSION = YES_AGGRESSIVE;
				CLANG_CXX_LANGUAGE_STANDARD = "gnu++20";
				CLANG_ENABLE_MODULES = YES;
				CLANG_ENABLE_OBJC_ARC = YES;
				CLANG_ENABLE_OBJC_WEAK = YES;
				CLANG_WARN_BLOCK_CAPTURE_AUTORELEASING = YES;
				CLANG_WARN_BOOL_CONVERSION = YES;
				CLANG_WARN_COMMA = YES;
				CLANG_WARN_CONSTANT_CONVERSION = YES;
				CLANG_WARN_DEPRECATED_OBJC_IMPLEMENTATIONS = YES;
				CLANG_WARN_DIRECT_OBJC_ISA_USAGE = YES_ERROR;
				CLANG_WARN_DOCUMENTATION_COMMENTS = YES;
				CLANG_WARN_EMPTY_BODY = YES;
				CLANG_WARN_ENUM_CONVERSION = YES;
				CLANG_WARN_INFINITE_RECURSION = YES;
				CLANG_WARN_INT_CONVERSION = YES;
				CLANG_WARN_NON_LITERAL_NULL_CONVERSION = YES;
				CLANG_WARN_OBJC_IMPLICIT_RETAIN_SELF = YES;
				CLANG_WARN_OBJC_LITERAL_CONVERSION = YES;
				CLANG_WARN_OBJC_ROOT_CLASS = YES_ERROR;
				CLANG_WARN_QUOTED_INCLUDE_IN_FRAMEWORK_HEADER = YES;
				CLANG_WARN_RANGE_LOOP_ANALYSIS = YES;
				CLANG_WARN_STRICT_PROTOTYPES = YES;
				CLANG_WARN_SUSPICIOUS_MOVE = YES;
				CLANG_WARN_UNGUARDED_AVAILABILITY = YES_AGGRESSIVE;
				CLANG_WARN_UNREACHABLE_CODE = YES;
				CLANG_WARN__DUPLICATE_METHOD_MATCH = YES;
				COPY_PHASE_STRIP = NO;
				DEBUG_INFORMATION_FORMAT = "dwarf-with-dsym";
				ENABLE_NS_ASSERTIONS = NO;
				ENABLE_STRICT_OBJC_MSGSEND = YES;
				ENABLE_USER_SCRIPT_SANDBOXING = YES;
				GCC_C_LANGUAGE_STANDARD = gnu17;
				GCC_NO_COMMON_BLOCKS = YES;
				GCC_WARN_64_TO_32_BIT_CONVERSION = YES;
				GCC_WARN_ABOUT_RETURN_TYPE = YES_ERROR;
				GCC_WARN_UNDECLARED_SELECTOR = YES;
				GCC_WARN_UNINITIALIZED_AUTOS = YES_AGGRESSIVE;
				GCC_WARN_UNUSED_FUNCTION = YES;
				GCC_WARN_UNUSED_VARIABLE = YES;
				IPHONEOS_DEPLOYMENT_TARGET = 17.5;
				LOCALIZATION_PREFERS_STRING_CATALOGS = YES;
				MTL_ENABLE_DEBUG_INFO = NO;
				MTL_FAST_MATH = YES;
				SDKROOT = iphoneos;
				SWIFT_COMPILATION_MODE = wholemodule;
				VALIDATE_PRODUCT = YES;
			};
			name = Release;
		};
		26D449582BFD37BD009D6ED8 /* Debug */ = {
			isa = XCBuildConfiguration;
			buildSettings = {
				ASSETCATALOG_COMPILER_APPICON_NAME = AppIcon;
				ASSETCATALOG_COMPILER_GLOBAL_ACCENT_COLOR_NAME = AccentColor;
				CODE_SIGN_STYLE = Automatic;
				CURRENT_PROJECT_VERSION = 1;
				DEVELOPMENT_ASSET_PATHS = "\"SwiftUIExerciseFirst/Supporting/Preview Content\"";
				DEVELOPMENT_TEAM = R6XNAQSMZ9;
				ENABLE_PREVIEWS = YES;
				GENERATE_INFOPLIST_FILE = YES;
				INFOPLIST_KEY_UIApplicationSceneManifest_Generation = YES;
				INFOPLIST_KEY_UIApplicationSupportsIndirectInputEvents = YES;
				INFOPLIST_KEY_UILaunchScreen_Generation = YES;
				INFOPLIST_KEY_UISupportedInterfaceOrientations_iPad = "UIInterfaceOrientationPortrait UIInterfaceOrientationPortraitUpsideDown UIInterfaceOrientationLandscapeLeft UIInterfaceOrientationLandscapeRight";
				INFOPLIST_KEY_UISupportedInterfaceOrientations_iPhone = "UIInterfaceOrientationPortrait UIInterfaceOrientationLandscapeLeft UIInterfaceOrientationLandscapeRight";
				LD_RUNPATH_SEARCH_PATHS = (
					"$(inherited)",
					"@executable_path/Frameworks",
				);
				MARKETING_VERSION = 1.0;
				PRODUCT_BUNDLE_IDENTIFIER = ge.chit.SwiftUIExerciseFirst;
				PRODUCT_NAME = "$(TARGET_NAME)";
				SWIFT_EMIT_LOC_STRINGS = YES;
				SWIFT_VERSION = 5.0;
				TARGETED_DEVICE_FAMILY = "1,2";
			};
			name = Debug;
		};
		26D449592BFD37BD009D6ED8 /* Release */ = {
			isa = XCBuildConfiguration;
			buildSettings = {
				ASSETCATALOG_COMPILER_APPICON_NAME = AppIcon;
				ASSETCATALOG_COMPILER_GLOBAL_ACCENT_COLOR_NAME = AccentColor;
				CODE_SIGN_STYLE = Automatic;
				CURRENT_PROJECT_VERSION = 1;
				DEVELOPMENT_ASSET_PATHS = "\"SwiftUIExerciseFirst/Supporting/Preview Content\"";
				DEVELOPMENT_TEAM = R6XNAQSMZ9;
				ENABLE_PREVIEWS = YES;
				GENERATE_INFOPLIST_FILE = YES;
				INFOPLIST_KEY_UIApplicationSceneManifest_Generation = YES;
				INFOPLIST_KEY_UIApplicationSupportsIndirectInputEvents = YES;
				INFOPLIST_KEY_UILaunchScreen_Generation = YES;
				INFOPLIST_KEY_UISupportedInterfaceOrientations_iPad = "UIInterfaceOrientationPortrait UIInterfaceOrientationPortraitUpsideDown UIInterfaceOrientationLandscapeLeft UIInterfaceOrientationLandscapeRight";
				INFOPLIST_KEY_UISupportedInterfaceOrientations_iPhone = "UIInterfaceOrientationPortrait UIInterfaceOrientationLandscapeLeft UIInterfaceOrientationLandscapeRight";
				LD_RUNPATH_SEARCH_PATHS = (
					"$(inherited)",
					"@executable_path/Frameworks",
				);
				MARKETING_VERSION = 1.0;
				PRODUCT_BUNDLE_IDENTIFIER = ge.chit.SwiftUIExerciseFirst;
				PRODUCT_NAME = "$(TARGET_NAME)";
				SWIFT_EMIT_LOC_STRINGS = YES;
				SWIFT_VERSION = 5.0;
				TARGETED_DEVICE_FAMILY = "1,2";
			};
			name = Release;
		};
/* End XCBuildConfiguration section */

/* Begin XCConfigurationList section */
		26D449442BFD37BA009D6ED8 /* Build configuration list for PBXProject "SwiftUIExerciseFirst" */ = {
			isa = XCConfigurationList;
			buildConfigurations = (
				26D449552BFD37BD009D6ED8 /* Debug */,
				26D449562BFD37BD009D6ED8 /* Release */,
			);
			defaultConfigurationIsVisible = 0;
			defaultConfigurationName = Release;
		};
		26D449572BFD37BD009D6ED8 /* Build configuration list for PBXNativeTarget "SwiftUIExerciseFirst" */ = {
			isa = XCConfigurationList;
			buildConfigurations = (
				26D449582BFD37BD009D6ED8 /* Debug */,
				26D449592BFD37BD009D6ED8 /* Release */,
			);
			defaultConfigurationIsVisible = 0;
			defaultConfigurationName = Release;
		};
/* End XCConfigurationList section */
	};
	rootObject = 26D449412BFD37BA009D6ED8 /* Project object */;
}
